
Microsoft Visual Studio Solution File, Format Version 12.00
# Visual Studio 14
VisualStudioVersion = 14.0.25420.1
MinimumVisualStudioVersion = 10.0.40219.1
Project("{8BC9CEB8-8B4A-11D0-8D11-00A0C91BC942}") = "2-1", "C++practice\C++practice.vcxproj", "{14AE1C21-9613-4E61-94E7-C7DC0FB7F878}"
EndProject
Project("{8BC9CEB8-8B4A-11D0-8D11-00A0C91BC942}") = "2-2", "2-2\2-2.vcxproj", "{490DB3F5-4E46-48B3-A08B-263EA5AAC560}"
EndProject
Project("{8BC9CEB8-8B4A-11D0-8D11-00A0C91BC942}") = "2-3", "2-3\2-3.vcxproj", "{116692CC-67CA-4643-8188-BE7169C4A075}"
EndProject
Project("{8BC9CEB8-8B4A-11D0-8D11-00A0C91BC942}") = "2-4", "2-4\2-4.vcxproj", "{B762530D-8637-4311-B22F-E50E8DD589D7}"
EndProject
Project("{8BC9CEB8-8B4A-11D0-8D11-00A0C91BC942}") = "3-1", "3-1\3-1.vcxproj", "{35F0294E-574A-47D9-B4E0-5774C5F77721}"
EndProject
Project("{8BC9CEB8-8B4A-11D0-8D11-00A0C91BC942}") = "3-2", "3-2\3-2.vcxproj", "{296D13DD-75CF-4111-B699-6CA97F4B0605}"
EndProject
Project("{8BC9CEB8-8B4A-11D0-8D11-00A0C91BC942}") = "3-3", "3-3\3-3.vcxproj", "{69C8CBC6-D802-4F5A-82DB-10BCF8586355}"
EndProject
Project("{8BC9CEB8-8B4A-11D0-8D11-00A0C91BC942}") = "3-4", "3-4\3-4.vcxproj", "{724BBDDD-4DBA-437B-BEE6-42E342F840D0}"
EndProject
Project("{8BC9CEB8-8B4A-11D0-8D11-00A0C91BC942}") = "3-5", "3-5\3-5.vcxproj", "{215BEF54-5868-4FBA-B14D-DD01FFC6D7FD}"
EndProject
Project("{8BC9CEB8-8B4A-11D0-8D11-00A0C91BC942}") = "3-6", "3-6\3-6.vcxproj", "{39F3B122-95F9-4C3E-805A-58298D535AF6}"
EndProject
Project("{8BC9CEB8-8B4A-11D0-8D11-00A0C91BC942}") = "4-1", "4-1\4-1.vcxproj", "{CE06FC8C-66D8-4DE7-B55D-C12ED30307D4}"
EndProject
Project("{8BC9CEB8-8B4A-11D0-8D11-00A0C91BC942}") = "4-2", "4-2\4-2.vcxproj", "{5F4EA3A9-0552-47A1-BB58-D213DFA6D131}"
EndProject
Project("{8BC9CEB8-8B4A-11D0-8D11-00A0C91BC942}") = "4-3", "4-3\4-3.vcxproj", "{98E0BCA4-DB14-417E-A830-CF7446CEAC68}"
EndProject
Project("{8BC9CEB8-8B4A-11D0-8D11-00A0C91BC942}") = "4-5", "4-5\4-5.vcxproj", "{449C65B8-B56C-4A49-8002-DA2464FDF54B}"
EndProject
Project("{8BC9CEB8-8B4A-11D0-8D11-00A0C91BC942}") = "4-6", "4-6\4-6.vcxproj", "{319D8154-DE49-4691-ACE8-38ECB5434072}"
EndProject
Project("{8BC9CEB8-8B4A-11D0-8D11-00A0C91BC942}") = "4-7", "4-7\4-7.vcxproj", "{4349D386-5086-4517-B06A-3966D50341BD}"
EndProject
Project("{8BC9CEB8-8B4A-11D0-8D11-00A0C91BC942}") = "4-8", "4-8\4-8.vcxproj", "{4AF2464E-143E-4E25-830C-1782D91CD2B2}"
EndProject
Project("{8BC9CEB8-8B4A-11D0-8D11-00A0C91BC942}") = "4-9", "4-9\4-9.vcxproj", "{3E01F1C7-6506-4C74-A82B-81728393AF45}"
EndProject
Project("{8BC9CEB8-8B4A-11D0-8D11-00A0C91BC942}") = "4-10", "4-10\4-10.vcxproj", "{1494BDA0-C658-4EB0-BE6B-874B85FEE385}"
EndProject
Project("{8BC9CEB8-8B4A-11D0-8D11-00A0C91BC942}") = "5-1", "5-1\5-1.vcxproj", "{E63C5063-4469-4346-8390-E51A72A39AB5}"
EndProject
Project("{8BC9CEB8-8B4A-11D0-8D11-00A0C91BC942}") = "5-2", "5-2\5-2.vcxproj", "{215DE671-2B8C-4D52-B0CE-9C6B25B73947}"
EndProject
Project("{8BC9CEB8-8B4A-11D0-8D11-00A0C91BC942}") = "5-3", "5-3\5-3.vcxproj", "{BF6CC968-D554-414C-824C-CD5093B0E7C1}"
EndProject
Project("{8BC9CEB8-8B4A-11D0-8D11-00A0C91BC942}") = "5-4", "5-4\5-4.vcxproj", "{7ADF81BA-1CEE-4F4D-B913-899FF80E744E}"
EndProject
Project("{8BC9CEB8-8B4A-11D0-8D11-00A0C91BC942}") = "5-5", "5-5\5-5.vcxproj", "{13B7CDE5-B6B9-4E81-B78B-18302FC0DD72}"
EndProject
Project("{8BC9CEB8-8B4A-11D0-8D11-00A0C91BC942}") = "5-7", "5-7\5-7.vcxproj", "{CB6777FE-906D-40AD-AC88-BF45D0C1D964}"
EndProject
Project("{8BC9CEB8-8B4A-11D0-8D11-00A0C91BC942}") = "5-8", "5-8\5-8.vcxproj", "{096E2745-F008-4F64-AA40-01B6E31D758B}"
EndProject
Project("{8BC9CEB8-8B4A-11D0-8D11-00A0C91BC942}") = "5-9", "5-9\5-9.vcxproj", "{399C9101-8533-4427-838E-89F28F69D34B}"
EndProject
Project("{8BC9CEB8-8B4A-11D0-8D11-00A0C91BC942}") = "5-10", "5-10\5-10.vcxproj", "{D68F6872-7D10-481D-8D96-FAAB8BE3B2F8}"
EndProject
Project("{8BC9CEB8-8B4A-11D0-8D11-00A0C91BC942}") = "6-1", "6-1\6-1.vcxproj", "{85AE8EBD-783F-4E59-8400-900BF7C0CC80}"
EndProject
Project("{8BC9CEB8-8B4A-11D0-8D11-00A0C91BC942}") = "6-2", "6-2\6-2.vcxproj", "{73EBC077-6082-4E25-930B-BAC8580AF698}"
EndProject
Project("{8BC9CEB8-8B4A-11D0-8D11-00A0C91BC942}") = "6-3", "6-3\6-3.vcxproj", "{0B96BA06-A8DC-4786-B291-61D070450483}"
EndProject
Project("{8BC9CEB8-8B4A-11D0-8D11-00A0C91BC942}") = "6-4", "6-4\6-4.vcxproj", "{5337A2DA-6691-400C-AE14-1D4814F87606}"
EndProject
Project("{8BC9CEB8-8B4A-11D0-8D11-00A0C91BC942}") = "6-5", "6-5\6-5.vcxproj", "{55AC5AF7-E606-4905-92B9-8B7F7F7515CB}"
EndProject
Project("{8BC9CEB8-8B4A-11D0-8D11-00A0C91BC942}") = "6-6'", "6-6'\6-6'.vcxproj", "{1FB98D1D-B0B1-4DA3-8421-CCA51576DF9F}"
EndProject
Project("{8BC9CEB8-8B4A-11D0-8D11-00A0C91BC942}") = "6-8", "6-8\6-8.vcxproj", "{083D3687-BE39-4322-8A98-D297EFF2EB9F}"
EndProject
Project("{8BC9CEB8-8B4A-11D0-8D11-00A0C91BC942}") = "7-1", "7-1\7-1.vcxproj", "{D394B086-761A-4D5A-B826-DC793716D7C4}"
EndProject
Project("{8BC9CEB8-8B4A-11D0-8D11-00A0C91BC942}") = "7-2", "7-2\7-2.vcxproj", "{93AD115D-2DFD-489F-BB2F-5320F0ABEE4B}"
EndProject
Project("{8BC9CEB8-8B4A-11D0-8D11-00A0C91BC942}") = "7-3", "7-3\7-3.vcxproj", "{F5E75A10-DD03-4545-A0F1-AA86B3D17664}"
EndProject
Project("{8BC9CEB8-8B4A-11D0-8D11-00A0C91BC942}") = "7-4", "7-4\7-4.vcxproj", "{C3AC3C31-F790-4580-8F43-B16CF77806C7}"
EndProject
Project("{8BC9CEB8-8B4A-11D0-8D11-00A0C91BC942}") = "7-5", "7-5\7-5.vcxproj", "{66F685D9-7EBC-4D21-BC01-2EB28C6A98EC}"
EndProject
Project("{8BC9CEB8-8B4A-11D0-8D11-00A0C91BC942}") = "7-6", "7-6\7-6.vcxproj", "{E1C199BD-1083-4E34-95BF-D5B97EAE27F4}"
EndProject
Project("{8BC9CEB8-8B4A-11D0-8D11-00A0C91BC942}") = "7-7", "7-7\7-7.vcxproj", "{9FE596F9-1811-4934-B956-7E351D8E8A64}"
EndProject
Project("{8BC9CEB8-8B4A-11D0-8D11-00A0C91BC942}") = "7-8-a", "7-8-a\7-8-a.vcxproj", "{634578A1-D9B9-43F7-9889-4BE1F66364C7}"
EndProject
Project("{8BC9CEB8-8B4A-11D0-8D11-00A0C91BC942}") = "7-8-b", "7-8-b\7-8-b.vcxproj", "{47B282A9-98F5-4992-869D-084126AA04B5}"
EndProject
Project("{8BC9CEB8-8B4A-11D0-8D11-00A0C91BC942}") = "7-9", "7-9\7-9.vcxproj", "{A7F23A38-CBE2-40C7-8219-E99E31AF3E59}"
EndProject
Project("{8BC9CEB8-8B4A-11D0-8D11-00A0C91BC942}") = "7-10", "7-10\7-10.vcxproj", "{06EC7488-ECD4-4B25-B4E2-9FDE401C2047}"
EndProject
Project("{8BC9CEB8-8B4A-11D0-8D11-00A0C91BC942}") = "9-1", "9-1\9-1.vcxproj", "{4EA3970D-4108-4962-A667-F24AC5EB71F6}"
EndProject
Project("{8BC9CEB8-8B4A-11D0-8D11-00A0C91BC942}") = "9-3", "9-3\9-3.vcxproj", "{08B2886F-FA80-4CB4-83D7-36A562AB57DC}"
EndProject
Project("{8BC9CEB8-8B4A-11D0-8D11-00A0C91BC942}") = "9-2", "9-2\9-2.vcxproj", "{B7E6F392-6C09-47E6-90E4-50D1D2D9D053}"
EndProject
Project("{8BC9CEB8-8B4A-11D0-8D11-00A0C91BC942}") = "9-4", "9-4\9-4.vcxproj", "{97C0E015-737D-4C24-85F8-BECFD83D022A}"
EndProject
Project("{8BC9CEB8-8B4A-11D0-8D11-00A0C91BC942}") = "10-1", "10-1\10-1.vcxproj", "{886E6F34-7615-4104-AE87-62E28663C42F}"
EndProject
Project("{8BC9CEB8-8B4A-11D0-8D11-00A0C91BC942}") = "10-2", "10-2\10-2.vcxproj", "{88B22C1F-87F6-4C28-A6BE-67EA398AC8AB}"
EndProject
Project("{8BC9CEB8-8B4A-11D0-8D11-00A0C91BC942}") = "10-5", "10-5\10-5.vcxproj", "{30B716AF-FC57-4485-955F-1DEB43216927}"
EndProject
Project("{8BC9CEB8-8B4A-11D0-8D11-00A0C91BC942}") = "10-6", "10-6\10-6.vcxproj", "{00EDF60B-2B7F-4563-A4EC-85795527F3E3}"
EndProject
Project("{8BC9CEB8-8B4A-11D0-8D11-00A0C91BC942}") = "10-7", "10-7\10-7.vcxproj", "{F0706494-9503-4D70-BDF3-A28913C58C77}"
EndProject
Project("{8BC9CEB8-8B4A-11D0-8D11-00A0C91BC942}") = "10-3", "10-3\10-3.vcxproj", "{CC5EB910-0F3D-489A-B6D9-2E0AF49B4BC0}"
EndProject
Project("{8BC9CEB8-8B4A-11D0-8D11-00A0C91BC942}") = "10-4", "10-4\10-4.vcxproj", "{E982A631-A7F2-4EC8-9CC7-DED86AF9D17A}"
EndProject
Project("{8BC9CEB8-8B4A-11D0-8D11-00A0C91BC942}") = "10-8", "10-8\10-8.vcxproj", "{B7D8715E-CD19-4F92-B812-506900599ACA}"
EndProject
Project("{8BC9CEB8-8B4A-11D0-8D11-00A0C91BC942}") = "11-1", "11-1\11-1.vcxproj", "{49DF7894-4A1B-473D-B919-C0D9098D7AD2}"
EndProject
Project("{8BC9CEB8-8B4A-11D0-8D11-00A0C91BC942}") = "11-2", "11-2\11-2.vcxproj", "{FA277012-F579-4611-AE85-52568BDDE435}"
EndProject
Project("{8BC9CEB8-8B4A-11D0-8D11-00A0C91BC942}") = "11-3", "11-3\11-3.vcxproj", "{0E3FA94C-D586-4000-99D5-4F5F8C893CCD}"
EndProject
Project("{8BC9CEB8-8B4A-11D0-8D11-00A0C91BC942}") = "11-4", "11-4\11-4.vcxproj", "{8B59FE03-9F6C-43E1-B3C4-97F08ACFF3BE}"
EndProject
Project("{8BC9CEB8-8B4A-11D0-8D11-00A0C91BC942}") = "11-5", "11-5\11-5.vcxproj", "{4C9E9164-BC88-4475-B084-30CFAF3574F4}"
EndProject
Project("{8BC9CEB8-8B4A-11D0-8D11-00A0C91BC942}") = "11-6", "11-6\11-6.vcxproj", "{269AEC36-A0EE-40C3-9206-9AFDD640A54C}"
EndProject
Project("{8BC9CEB8-8B4A-11D0-8D11-00A0C91BC942}") = "11-7", "11-7\11-7.vcxproj", "{4339DF5B-5277-4353-8844-92B9E19CF9F6}"
EndProject
Project("{8BC9CEB8-8B4A-11D0-8D11-00A0C91BC942}") = "12-1", "12-1\12-1.vcxproj", "{1B91C38D-11ED-45AE-861C-933073221AD8}"
EndProject
Project("{8BC9CEB8-8B4A-11D0-8D11-00A0C91BC942}") = "12-2", "12-2\12-2.vcxproj", "{1675345C-2EB0-43A5-A2F4-C37CCE2EBA63}"
EndProject
Project("{8BC9CEB8-8B4A-11D0-8D11-00A0C91BC942}") = "12-3", "12-3\12-3.vcxproj", "{8C2F3853-8121-4D46-A8AC-2445F369EC14}"
EndProject
Project("{8BC9CEB8-8B4A-11D0-8D11-00A0C91BC942}") = "12-4", "12-4\12-4.vcxproj", "{44EAD9B8-C76A-448B-A8A6-6DAAFECED49C}"
EndProject
Project("{8BC9CEB8-8B4A-11D0-8D11-00A0C91BC942}") = "12-5", "12-5\12-5.vcxproj", "{980B1753-142F-403E-A646-CEDCF66B5EB4}"
EndProject
Project("{8BC9CEB8-8B4A-11D0-8D11-00A0C91BC942}") = "12-6", "12-6\12-6.vcxproj", "{A34BED99-B47E-4B10-B7F1-7706224D505B}"
EndProject
Project("{8BC9CEB8-8B4A-11D0-8D11-00A0C91BC942}") = "13-1", "13-1\13-1.vcxproj", "{A6B9BF8C-1E51-4329-9A39-78C149E6EDBF}"
EndProject
Project("{8BC9CEB8-8B4A-11D0-8D11-00A0C91BC942}") = "13-2", "13-2\13-2.vcxproj", "{BC7D582A-1C7C-4E92-9744-B27A8F0BD501}"
EndProject
Project("{8BC9CEB8-8B4A-11D0-8D11-00A0C91BC942}") = "13-3", "13-3\13-3.vcxproj", "{FE916981-C851-4471-96A1-374DFE839251}"
EndProject
Project("{8BC9CEB8-8B4A-11D0-8D11-00A0C91BC942}") = "13-4", "13-4\13-4.vcxproj", "{35E4D525-2049-4B68-A3DF-E9A379A49F56}"
EndProject
Project("{8BC9CEB8-8B4A-11D0-8D11-00A0C91BC942}") = "14-1", "14-1\14-1.vcxproj", "{D5E1DA6B-8B7B-4698-AD33-41B54DD7E7E2}"
EndProject
Project("{8BC9CEB8-8B4A-11D0-8D11-00A0C91BC942}") = "14-2", "14-2\14-2.vcxproj", "{1AA38A25-CDBB-46E8-8C23-94303BA57171}"
EndProject
Project("{8BC9CEB8-8B4A-11D0-8D11-00A0C91BC942}") = "14-3", "14-3\14-3.vcxproj", "{4F1CDFE7-1D34-4C9F-9240-4F564F0DEB02}"
EndProject
Project("{8BC9CEB8-8B4A-11D0-8D11-00A0C91BC942}") = "14-4", "14-4\14-4.vcxproj", "{4A4212DA-5A55-4139-98B6-88D38BB11BC3}"
EndProject
Project("{8BC9CEB8-8B4A-11D0-8D11-00A0C91BC942}") = "14-5", "14-5\14-5.vcxproj", "{3FF30596-1CEB-457C-B295-CFBB11166C0E}"
EndProject
Project("{8BC9CEB8-8B4A-11D0-8D11-00A0C91BC942}") = "15-1", "15-1\15-1.vcxproj", "{9E99A877-3135-43D2-873D-ACC10D0B89E1}"
EndProject
Project("{8BC9CEB8-8B4A-11D0-8D11-00A0C91BC942}") = "15-2", "15-2\15-2.vcxproj", "{1A8BA998-8F8C-45FB-8735-5FDF0240F259}"
EndProject
Project("{8BC9CEB8-8B4A-11D0-8D11-00A0C91BC942}") = "16-1", "16-1\16-1.vcxproj", "{279C1BA7-5B9A-478D-8D17-1C998F3A4E73}"
EndProject
Project("{8BC9CEB8-8B4A-11D0-8D11-00A0C91BC942}") = "16-2", "16-2\16-2.vcxproj", "{1343FE8F-16F1-4958-9EA7-9EB4951DA1B7}"
EndProject
Project("{8BC9CEB8-8B4A-11D0-8D11-00A0C91BC942}") = "16-3", "16-3\16-3.vcxproj", "{C124E741-E7C4-484E-AF92-810A002879DA}"
EndProject
Project("{8BC9CEB8-8B4A-11D0-8D11-00A0C91BC942}") = "16-4", "16-4\16-4.vcxproj", "{009BAE4F-B087-4D7E-BD1D-1F4A1887B7DD}"
EndProject
Project("{8BC9CEB8-8B4A-11D0-8D11-00A0C91BC942}") = "16-5", "16-5\16-5.vcxproj", "{1B08C904-9782-43E4-916A-B1A34BEE6DE8}"
EndProject
Project("{8BC9CEB8-8B4A-11D0-8D11-00A0C91BC942}") = "16-6", "16-6\16-6.vcxproj", "{AB11549A-BD77-4144-9F10-2FF291CAB32D}"
EndProject
Project("{8BC9CEB8-8B4A-11D0-8D11-00A0C91BC942}") = "16-7", "16-7\16-7.vcxproj", "{9EFAE2D6-140D-47E5-B2B6-449B9F474FD9}"
EndProject
Project("{8BC9CEB8-8B4A-11D0-8D11-00A0C91BC942}") = "16-8", "16-8\16-8.vcxproj", "{D057CA09-014C-4215-B243-C689952ACC37}"
EndProject
Project("{8BC9CEB8-8B4A-11D0-8D11-00A0C91BC942}") = "16-10", "16-10\16-10.vcxproj", "{856E1EB1-70B9-4BBB-A163-438885D61926}"
EndProject
Project("{8BC9CEB8-8B4A-11D0-8D11-00A0C91BC942}") = "16-9", "16-9\16-9.vcxproj", "{699EF96B-22F7-4D65-835D-2E5AC4BC4364}"
EndProject
Project("{8BC9CEB8-8B4A-11D0-8D11-00A0C91BC942}") = "17-1", "17-1\17-1.vcxproj", "{4532E9C5-ADB2-42C4-AA93-CE85F4A9CE03}"
EndProject
Project("{8BC9CEB8-8B4A-11D0-8D11-00A0C91BC942}") = "17-2", "17-2\17-2.vcxproj", "{68DE4E4B-98DA-40B1-BDD8-AAF1EDBB33CC}"
EndProject
Global
	GlobalSection(SolutionConfigurationPlatforms) = preSolution
		Debug|x64 = Debug|x64
		Debug|x86 = Debug|x86
		Release|x64 = Release|x64
		Release|x86 = Release|x86
	EndGlobalSection
	GlobalSection(ProjectConfigurationPlatforms) = postSolution
		{14AE1C21-9613-4E61-94E7-C7DC0FB7F878}.Debug|x64.ActiveCfg = Debug|x64
		{14AE1C21-9613-4E61-94E7-C7DC0FB7F878}.Debug|x64.Build.0 = Debug|x64
		{14AE1C21-9613-4E61-94E7-C7DC0FB7F878}.Debug|x86.ActiveCfg = Debug|Win32
		{14AE1C21-9613-4E61-94E7-C7DC0FB7F878}.Debug|x86.Build.0 = Debug|Win32
		{14AE1C21-9613-4E61-94E7-C7DC0FB7F878}.Release|x64.ActiveCfg = Release|x64
		{14AE1C21-9613-4E61-94E7-C7DC0FB7F878}.Release|x64.Build.0 = Release|x64
		{14AE1C21-9613-4E61-94E7-C7DC0FB7F878}.Release|x86.ActiveCfg = Release|Win32
		{14AE1C21-9613-4E61-94E7-C7DC0FB7F878}.Release|x86.Build.0 = Release|Win32
		{490DB3F5-4E46-48B3-A08B-263EA5AAC560}.Debug|x64.ActiveCfg = Debug|x64
		{490DB3F5-4E46-48B3-A08B-263EA5AAC560}.Debug|x64.Build.0 = Debug|x64
		{490DB3F5-4E46-48B3-A08B-263EA5AAC560}.Debug|x86.ActiveCfg = Debug|Win32
		{490DB3F5-4E46-48B3-A08B-263EA5AAC560}.Debug|x86.Build.0 = Debug|Win32
		{490DB3F5-4E46-48B3-A08B-263EA5AAC560}.Release|x64.ActiveCfg = Release|x64
		{490DB3F5-4E46-48B3-A08B-263EA5AAC560}.Release|x64.Build.0 = Release|x64
		{490DB3F5-4E46-48B3-A08B-263EA5AAC560}.Release|x86.ActiveCfg = Release|Win32
		{490DB3F5-4E46-48B3-A08B-263EA5AAC560}.Release|x86.Build.0 = Release|Win32
		{116692CC-67CA-4643-8188-BE7169C4A075}.Debug|x64.ActiveCfg = Debug|x64
		{116692CC-67CA-4643-8188-BE7169C4A075}.Debug|x64.Build.0 = Debug|x64
		{116692CC-67CA-4643-8188-BE7169C4A075}.Debug|x86.ActiveCfg = Debug|Win32
		{116692CC-67CA-4643-8188-BE7169C4A075}.Debug|x86.Build.0 = Debug|Win32
		{116692CC-67CA-4643-8188-BE7169C4A075}.Release|x64.ActiveCfg = Release|x64
		{116692CC-67CA-4643-8188-BE7169C4A075}.Release|x64.Build.0 = Release|x64
		{116692CC-67CA-4643-8188-BE7169C4A075}.Release|x86.ActiveCfg = Release|Win32
		{116692CC-67CA-4643-8188-BE7169C4A075}.Release|x86.Build.0 = Release|Win32
		{B762530D-8637-4311-B22F-E50E8DD589D7}.Debug|x64.ActiveCfg = Debug|x64
		{B762530D-8637-4311-B22F-E50E8DD589D7}.Debug|x64.Build.0 = Debug|x64
		{B762530D-8637-4311-B22F-E50E8DD589D7}.Debug|x86.ActiveCfg = Debug|Win32
		{B762530D-8637-4311-B22F-E50E8DD589D7}.Debug|x86.Build.0 = Debug|Win32
		{B762530D-8637-4311-B22F-E50E8DD589D7}.Release|x64.ActiveCfg = Release|x64
		{B762530D-8637-4311-B22F-E50E8DD589D7}.Release|x64.Build.0 = Release|x64
		{B762530D-8637-4311-B22F-E50E8DD589D7}.Release|x86.ActiveCfg = Release|Win32
		{B762530D-8637-4311-B22F-E50E8DD589D7}.Release|x86.Build.0 = Release|Win32
		{35F0294E-574A-47D9-B4E0-5774C5F77721}.Debug|x64.ActiveCfg = Debug|x64
		{35F0294E-574A-47D9-B4E0-5774C5F77721}.Debug|x64.Build.0 = Debug|x64
		{35F0294E-574A-47D9-B4E0-5774C5F77721}.Debug|x86.ActiveCfg = Debug|Win32
		{35F0294E-574A-47D9-B4E0-5774C5F77721}.Debug|x86.Build.0 = Debug|Win32
		{35F0294E-574A-47D9-B4E0-5774C5F77721}.Release|x64.ActiveCfg = Release|x64
		{35F0294E-574A-47D9-B4E0-5774C5F77721}.Release|x64.Build.0 = Release|x64
		{35F0294E-574A-47D9-B4E0-5774C5F77721}.Release|x86.ActiveCfg = Release|Win32
		{35F0294E-574A-47D9-B4E0-5774C5F77721}.Release|x86.Build.0 = Release|Win32
		{296D13DD-75CF-4111-B699-6CA97F4B0605}.Debug|x64.ActiveCfg = Debug|x64
		{296D13DD-75CF-4111-B699-6CA97F4B0605}.Debug|x64.Build.0 = Debug|x64
		{296D13DD-75CF-4111-B699-6CA97F4B0605}.Debug|x86.ActiveCfg = Debug|Win32
		{296D13DD-75CF-4111-B699-6CA97F4B0605}.Debug|x86.Build.0 = Debug|Win32
		{296D13DD-75CF-4111-B699-6CA97F4B0605}.Release|x64.ActiveCfg = Release|x64
		{296D13DD-75CF-4111-B699-6CA97F4B0605}.Release|x64.Build.0 = Release|x64
		{296D13DD-75CF-4111-B699-6CA97F4B0605}.Release|x86.ActiveCfg = Release|Win32
		{296D13DD-75CF-4111-B699-6CA97F4B0605}.Release|x86.Build.0 = Release|Win32
		{69C8CBC6-D802-4F5A-82DB-10BCF8586355}.Debug|x64.ActiveCfg = Debug|x64
		{69C8CBC6-D802-4F5A-82DB-10BCF8586355}.Debug|x64.Build.0 = Debug|x64
		{69C8CBC6-D802-4F5A-82DB-10BCF8586355}.Debug|x86.ActiveCfg = Debug|Win32
		{69C8CBC6-D802-4F5A-82DB-10BCF8586355}.Debug|x86.Build.0 = Debug|Win32
		{69C8CBC6-D802-4F5A-82DB-10BCF8586355}.Release|x64.ActiveCfg = Release|x64
		{69C8CBC6-D802-4F5A-82DB-10BCF8586355}.Release|x64.Build.0 = Release|x64
		{69C8CBC6-D802-4F5A-82DB-10BCF8586355}.Release|x86.ActiveCfg = Release|Win32
		{69C8CBC6-D802-4F5A-82DB-10BCF8586355}.Release|x86.Build.0 = Release|Win32
		{724BBDDD-4DBA-437B-BEE6-42E342F840D0}.Debug|x64.ActiveCfg = Debug|x64
		{724BBDDD-4DBA-437B-BEE6-42E342F840D0}.Debug|x64.Build.0 = Debug|x64
		{724BBDDD-4DBA-437B-BEE6-42E342F840D0}.Debug|x86.ActiveCfg = Debug|Win32
		{724BBDDD-4DBA-437B-BEE6-42E342F840D0}.Debug|x86.Build.0 = Debug|Win32
		{724BBDDD-4DBA-437B-BEE6-42E342F840D0}.Release|x64.ActiveCfg = Release|x64
		{724BBDDD-4DBA-437B-BEE6-42E342F840D0}.Release|x64.Build.0 = Release|x64
		{724BBDDD-4DBA-437B-BEE6-42E342F840D0}.Release|x86.ActiveCfg = Release|Win32
		{724BBDDD-4DBA-437B-BEE6-42E342F840D0}.Release|x86.Build.0 = Release|Win32
		{215BEF54-5868-4FBA-B14D-DD01FFC6D7FD}.Debug|x64.ActiveCfg = Debug|x64
		{215BEF54-5868-4FBA-B14D-DD01FFC6D7FD}.Debug|x64.Build.0 = Debug|x64
		{215BEF54-5868-4FBA-B14D-DD01FFC6D7FD}.Debug|x86.ActiveCfg = Debug|Win32
		{215BEF54-5868-4FBA-B14D-DD01FFC6D7FD}.Debug|x86.Build.0 = Debug|Win32
		{215BEF54-5868-4FBA-B14D-DD01FFC6D7FD}.Release|x64.ActiveCfg = Release|x64
		{215BEF54-5868-4FBA-B14D-DD01FFC6D7FD}.Release|x64.Build.0 = Release|x64
		{215BEF54-5868-4FBA-B14D-DD01FFC6D7FD}.Release|x86.ActiveCfg = Release|Win32
		{215BEF54-5868-4FBA-B14D-DD01FFC6D7FD}.Release|x86.Build.0 = Release|Win32
		{39F3B122-95F9-4C3E-805A-58298D535AF6}.Debug|x64.ActiveCfg = Debug|x64
		{39F3B122-95F9-4C3E-805A-58298D535AF6}.Debug|x64.Build.0 = Debug|x64
		{39F3B122-95F9-4C3E-805A-58298D535AF6}.Debug|x86.ActiveCfg = Debug|Win32
		{39F3B122-95F9-4C3E-805A-58298D535AF6}.Debug|x86.Build.0 = Debug|Win32
		{39F3B122-95F9-4C3E-805A-58298D535AF6}.Release|x64.ActiveCfg = Release|x64
		{39F3B122-95F9-4C3E-805A-58298D535AF6}.Release|x64.Build.0 = Release|x64
		{39F3B122-95F9-4C3E-805A-58298D535AF6}.Release|x86.ActiveCfg = Release|Win32
		{39F3B122-95F9-4C3E-805A-58298D535AF6}.Release|x86.Build.0 = Release|Win32
		{CE06FC8C-66D8-4DE7-B55D-C12ED30307D4}.Debug|x64.ActiveCfg = Debug|x64
		{CE06FC8C-66D8-4DE7-B55D-C12ED30307D4}.Debug|x64.Build.0 = Debug|x64
		{CE06FC8C-66D8-4DE7-B55D-C12ED30307D4}.Debug|x86.ActiveCfg = Debug|Win32
		{CE06FC8C-66D8-4DE7-B55D-C12ED30307D4}.Debug|x86.Build.0 = Debug|Win32
		{CE06FC8C-66D8-4DE7-B55D-C12ED30307D4}.Release|x64.ActiveCfg = Release|x64
		{CE06FC8C-66D8-4DE7-B55D-C12ED30307D4}.Release|x64.Build.0 = Release|x64
		{CE06FC8C-66D8-4DE7-B55D-C12ED30307D4}.Release|x86.ActiveCfg = Release|Win32
		{CE06FC8C-66D8-4DE7-B55D-C12ED30307D4}.Release|x86.Build.0 = Release|Win32
		{5F4EA3A9-0552-47A1-BB58-D213DFA6D131}.Debug|x64.ActiveCfg = Debug|x64
		{5F4EA3A9-0552-47A1-BB58-D213DFA6D131}.Debug|x64.Build.0 = Debug|x64
		{5F4EA3A9-0552-47A1-BB58-D213DFA6D131}.Debug|x86.ActiveCfg = Debug|Win32
		{5F4EA3A9-0552-47A1-BB58-D213DFA6D131}.Debug|x86.Build.0 = Debug|Win32
		{5F4EA3A9-0552-47A1-BB58-D213DFA6D131}.Release|x64.ActiveCfg = Release|x64
		{5F4EA3A9-0552-47A1-BB58-D213DFA6D131}.Release|x64.Build.0 = Release|x64
		{5F4EA3A9-0552-47A1-BB58-D213DFA6D131}.Release|x86.ActiveCfg = Release|Win32
		{5F4EA3A9-0552-47A1-BB58-D213DFA6D131}.Release|x86.Build.0 = Release|Win32
		{98E0BCA4-DB14-417E-A830-CF7446CEAC68}.Debug|x64.ActiveCfg = Debug|x64
		{98E0BCA4-DB14-417E-A830-CF7446CEAC68}.Debug|x64.Build.0 = Debug|x64
		{98E0BCA4-DB14-417E-A830-CF7446CEAC68}.Debug|x86.ActiveCfg = Debug|Win32
		{98E0BCA4-DB14-417E-A830-CF7446CEAC68}.Debug|x86.Build.0 = Debug|Win32
		{98E0BCA4-DB14-417E-A830-CF7446CEAC68}.Release|x64.ActiveCfg = Release|x64
		{98E0BCA4-DB14-417E-A830-CF7446CEAC68}.Release|x64.Build.0 = Release|x64
		{98E0BCA4-DB14-417E-A830-CF7446CEAC68}.Release|x86.ActiveCfg = Release|Win32
		{98E0BCA4-DB14-417E-A830-CF7446CEAC68}.Release|x86.Build.0 = Release|Win32
		{449C65B8-B56C-4A49-8002-DA2464FDF54B}.Debug|x64.ActiveCfg = Debug|x64
		{449C65B8-B56C-4A49-8002-DA2464FDF54B}.Debug|x64.Build.0 = Debug|x64
		{449C65B8-B56C-4A49-8002-DA2464FDF54B}.Debug|x86.ActiveCfg = Debug|Win32
		{449C65B8-B56C-4A49-8002-DA2464FDF54B}.Debug|x86.Build.0 = Debug|Win32
		{449C65B8-B56C-4A49-8002-DA2464FDF54B}.Release|x64.ActiveCfg = Release|x64
		{449C65B8-B56C-4A49-8002-DA2464FDF54B}.Release|x64.Build.0 = Release|x64
		{449C65B8-B56C-4A49-8002-DA2464FDF54B}.Release|x86.ActiveCfg = Release|Win32
		{449C65B8-B56C-4A49-8002-DA2464FDF54B}.Release|x86.Build.0 = Release|Win32
		{319D8154-DE49-4691-ACE8-38ECB5434072}.Debug|x64.ActiveCfg = Debug|x64
		{319D8154-DE49-4691-ACE8-38ECB5434072}.Debug|x64.Build.0 = Debug|x64
		{319D8154-DE49-4691-ACE8-38ECB5434072}.Debug|x86.ActiveCfg = Debug|Win32
		{319D8154-DE49-4691-ACE8-38ECB5434072}.Debug|x86.Build.0 = Debug|Win32
		{319D8154-DE49-4691-ACE8-38ECB5434072}.Release|x64.ActiveCfg = Release|x64
		{319D8154-DE49-4691-ACE8-38ECB5434072}.Release|x64.Build.0 = Release|x64
		{319D8154-DE49-4691-ACE8-38ECB5434072}.Release|x86.ActiveCfg = Release|Win32
		{319D8154-DE49-4691-ACE8-38ECB5434072}.Release|x86.Build.0 = Release|Win32
		{4349D386-5086-4517-B06A-3966D50341BD}.Debug|x64.ActiveCfg = Debug|x64
		{4349D386-5086-4517-B06A-3966D50341BD}.Debug|x64.Build.0 = Debug|x64
		{4349D386-5086-4517-B06A-3966D50341BD}.Debug|x86.ActiveCfg = Debug|Win32
		{4349D386-5086-4517-B06A-3966D50341BD}.Debug|x86.Build.0 = Debug|Win32
		{4349D386-5086-4517-B06A-3966D50341BD}.Release|x64.ActiveCfg = Release|x64
		{4349D386-5086-4517-B06A-3966D50341BD}.Release|x64.Build.0 = Release|x64
		{4349D386-5086-4517-B06A-3966D50341BD}.Release|x86.ActiveCfg = Release|Win32
		{4349D386-5086-4517-B06A-3966D50341BD}.Release|x86.Build.0 = Release|Win32
		{4AF2464E-143E-4E25-830C-1782D91CD2B2}.Debug|x64.ActiveCfg = Debug|x64
		{4AF2464E-143E-4E25-830C-1782D91CD2B2}.Debug|x64.Build.0 = Debug|x64
		{4AF2464E-143E-4E25-830C-1782D91CD2B2}.Debug|x86.ActiveCfg = Debug|Win32
		{4AF2464E-143E-4E25-830C-1782D91CD2B2}.Debug|x86.Build.0 = Debug|Win32
		{4AF2464E-143E-4E25-830C-1782D91CD2B2}.Release|x64.ActiveCfg = Release|x64
		{4AF2464E-143E-4E25-830C-1782D91CD2B2}.Release|x64.Build.0 = Release|x64
		{4AF2464E-143E-4E25-830C-1782D91CD2B2}.Release|x86.ActiveCfg = Release|Win32
		{4AF2464E-143E-4E25-830C-1782D91CD2B2}.Release|x86.Build.0 = Release|Win32
		{3E01F1C7-6506-4C74-A82B-81728393AF45}.Debug|x64.ActiveCfg = Debug|x64
		{3E01F1C7-6506-4C74-A82B-81728393AF45}.Debug|x64.Build.0 = Debug|x64
		{3E01F1C7-6506-4C74-A82B-81728393AF45}.Debug|x86.ActiveCfg = Debug|Win32
		{3E01F1C7-6506-4C74-A82B-81728393AF45}.Debug|x86.Build.0 = Debug|Win32
		{3E01F1C7-6506-4C74-A82B-81728393AF45}.Release|x64.ActiveCfg = Release|x64
		{3E01F1C7-6506-4C74-A82B-81728393AF45}.Release|x64.Build.0 = Release|x64
		{3E01F1C7-6506-4C74-A82B-81728393AF45}.Release|x86.ActiveCfg = Release|Win32
		{3E01F1C7-6506-4C74-A82B-81728393AF45}.Release|x86.Build.0 = Release|Win32
		{1494BDA0-C658-4EB0-BE6B-874B85FEE385}.Debug|x64.ActiveCfg = Debug|x64
		{1494BDA0-C658-4EB0-BE6B-874B85FEE385}.Debug|x64.Build.0 = Debug|x64
		{1494BDA0-C658-4EB0-BE6B-874B85FEE385}.Debug|x86.ActiveCfg = Debug|Win32
		{1494BDA0-C658-4EB0-BE6B-874B85FEE385}.Debug|x86.Build.0 = Debug|Win32
		{1494BDA0-C658-4EB0-BE6B-874B85FEE385}.Release|x64.ActiveCfg = Release|x64
		{1494BDA0-C658-4EB0-BE6B-874B85FEE385}.Release|x64.Build.0 = Release|x64
		{1494BDA0-C658-4EB0-BE6B-874B85FEE385}.Release|x86.ActiveCfg = Release|Win32
		{1494BDA0-C658-4EB0-BE6B-874B85FEE385}.Release|x86.Build.0 = Release|Win32
		{E63C5063-4469-4346-8390-E51A72A39AB5}.Debug|x64.ActiveCfg = Debug|x64
		{E63C5063-4469-4346-8390-E51A72A39AB5}.Debug|x64.Build.0 = Debug|x64
		{E63C5063-4469-4346-8390-E51A72A39AB5}.Debug|x86.ActiveCfg = Debug|Win32
		{E63C5063-4469-4346-8390-E51A72A39AB5}.Debug|x86.Build.0 = Debug|Win32
		{E63C5063-4469-4346-8390-E51A72A39AB5}.Release|x64.ActiveCfg = Release|x64
		{E63C5063-4469-4346-8390-E51A72A39AB5}.Release|x64.Build.0 = Release|x64
		{E63C5063-4469-4346-8390-E51A72A39AB5}.Release|x86.ActiveCfg = Release|Win32
		{E63C5063-4469-4346-8390-E51A72A39AB5}.Release|x86.Build.0 = Release|Win32
		{215DE671-2B8C-4D52-B0CE-9C6B25B73947}.Debug|x64.ActiveCfg = Debug|x64
		{215DE671-2B8C-4D52-B0CE-9C6B25B73947}.Debug|x64.Build.0 = Debug|x64
		{215DE671-2B8C-4D52-B0CE-9C6B25B73947}.Debug|x86.ActiveCfg = Debug|Win32
		{215DE671-2B8C-4D52-B0CE-9C6B25B73947}.Debug|x86.Build.0 = Debug|Win32
		{215DE671-2B8C-4D52-B0CE-9C6B25B73947}.Release|x64.ActiveCfg = Release|x64
		{215DE671-2B8C-4D52-B0CE-9C6B25B73947}.Release|x64.Build.0 = Release|x64
		{215DE671-2B8C-4D52-B0CE-9C6B25B73947}.Release|x86.ActiveCfg = Release|Win32
		{215DE671-2B8C-4D52-B0CE-9C6B25B73947}.Release|x86.Build.0 = Release|Win32
		{BF6CC968-D554-414C-824C-CD5093B0E7C1}.Debug|x64.ActiveCfg = Debug|x64
		{BF6CC968-D554-414C-824C-CD5093B0E7C1}.Debug|x64.Build.0 = Debug|x64
		{BF6CC968-D554-414C-824C-CD5093B0E7C1}.Debug|x86.ActiveCfg = Debug|Win32
		{BF6CC968-D554-414C-824C-CD5093B0E7C1}.Debug|x86.Build.0 = Debug|Win32
		{BF6CC968-D554-414C-824C-CD5093B0E7C1}.Release|x64.ActiveCfg = Release|x64
		{BF6CC968-D554-414C-824C-CD5093B0E7C1}.Release|x64.Build.0 = Release|x64
		{BF6CC968-D554-414C-824C-CD5093B0E7C1}.Release|x86.ActiveCfg = Release|Win32
		{BF6CC968-D554-414C-824C-CD5093B0E7C1}.Release|x86.Build.0 = Release|Win32
		{7ADF81BA-1CEE-4F4D-B913-899FF80E744E}.Debug|x64.ActiveCfg = Debug|x64
		{7ADF81BA-1CEE-4F4D-B913-899FF80E744E}.Debug|x64.Build.0 = Debug|x64
		{7ADF81BA-1CEE-4F4D-B913-899FF80E744E}.Debug|x86.ActiveCfg = Debug|Win32
		{7ADF81BA-1CEE-4F4D-B913-899FF80E744E}.Debug|x86.Build.0 = Debug|Win32
		{7ADF81BA-1CEE-4F4D-B913-899FF80E744E}.Release|x64.ActiveCfg = Release|x64
		{7ADF81BA-1CEE-4F4D-B913-899FF80E744E}.Release|x64.Build.0 = Release|x64
		{7ADF81BA-1CEE-4F4D-B913-899FF80E744E}.Release|x86.ActiveCfg = Release|Win32
		{7ADF81BA-1CEE-4F4D-B913-899FF80E744E}.Release|x86.Build.0 = Release|Win32
		{13B7CDE5-B6B9-4E81-B78B-18302FC0DD72}.Debug|x64.ActiveCfg = Debug|x64
		{13B7CDE5-B6B9-4E81-B78B-18302FC0DD72}.Debug|x64.Build.0 = Debug|x64
		{13B7CDE5-B6B9-4E81-B78B-18302FC0DD72}.Debug|x86.ActiveCfg = Debug|Win32
		{13B7CDE5-B6B9-4E81-B78B-18302FC0DD72}.Debug|x86.Build.0 = Debug|Win32
		{13B7CDE5-B6B9-4E81-B78B-18302FC0DD72}.Release|x64.ActiveCfg = Release|x64
		{13B7CDE5-B6B9-4E81-B78B-18302FC0DD72}.Release|x64.Build.0 = Release|x64
		{13B7CDE5-B6B9-4E81-B78B-18302FC0DD72}.Release|x86.ActiveCfg = Release|Win32
		{13B7CDE5-B6B9-4E81-B78B-18302FC0DD72}.Release|x86.Build.0 = Release|Win32
		{CB6777FE-906D-40AD-AC88-BF45D0C1D964}.Debug|x64.ActiveCfg = Debug|x64
		{CB6777FE-906D-40AD-AC88-BF45D0C1D964}.Debug|x64.Build.0 = Debug|x64
		{CB6777FE-906D-40AD-AC88-BF45D0C1D964}.Debug|x86.ActiveCfg = Debug|Win32
		{CB6777FE-906D-40AD-AC88-BF45D0C1D964}.Debug|x86.Build.0 = Debug|Win32
		{CB6777FE-906D-40AD-AC88-BF45D0C1D964}.Release|x64.ActiveCfg = Release|x64
		{CB6777FE-906D-40AD-AC88-BF45D0C1D964}.Release|x64.Build.0 = Release|x64
		{CB6777FE-906D-40AD-AC88-BF45D0C1D964}.Release|x86.ActiveCfg = Release|Win32
		{CB6777FE-906D-40AD-AC88-BF45D0C1D964}.Release|x86.Build.0 = Release|Win32
		{096E2745-F008-4F64-AA40-01B6E31D758B}.Debug|x64.ActiveCfg = Debug|x64
		{096E2745-F008-4F64-AA40-01B6E31D758B}.Debug|x64.Build.0 = Debug|x64
		{096E2745-F008-4F64-AA40-01B6E31D758B}.Debug|x86.ActiveCfg = Debug|Win32
		{096E2745-F008-4F64-AA40-01B6E31D758B}.Debug|x86.Build.0 = Debug|Win32
		{096E2745-F008-4F64-AA40-01B6E31D758B}.Release|x64.ActiveCfg = Release|x64
		{096E2745-F008-4F64-AA40-01B6E31D758B}.Release|x64.Build.0 = Release|x64
		{096E2745-F008-4F64-AA40-01B6E31D758B}.Release|x86.ActiveCfg = Release|Win32
		{096E2745-F008-4F64-AA40-01B6E31D758B}.Release|x86.Build.0 = Release|Win32
		{399C9101-8533-4427-838E-89F28F69D34B}.Debug|x64.ActiveCfg = Debug|x64
		{399C9101-8533-4427-838E-89F28F69D34B}.Debug|x64.Build.0 = Debug|x64
		{399C9101-8533-4427-838E-89F28F69D34B}.Debug|x86.ActiveCfg = Debug|Win32
		{399C9101-8533-4427-838E-89F28F69D34B}.Debug|x86.Build.0 = Debug|Win32
		{399C9101-8533-4427-838E-89F28F69D34B}.Release|x64.ActiveCfg = Release|x64
		{399C9101-8533-4427-838E-89F28F69D34B}.Release|x64.Build.0 = Release|x64
		{399C9101-8533-4427-838E-89F28F69D34B}.Release|x86.ActiveCfg = Release|Win32
		{399C9101-8533-4427-838E-89F28F69D34B}.Release|x86.Build.0 = Release|Win32
		{D68F6872-7D10-481D-8D96-FAAB8BE3B2F8}.Debug|x64.ActiveCfg = Debug|x64
		{D68F6872-7D10-481D-8D96-FAAB8BE3B2F8}.Debug|x64.Build.0 = Debug|x64
		{D68F6872-7D10-481D-8D96-FAAB8BE3B2F8}.Debug|x86.ActiveCfg = Debug|Win32
		{D68F6872-7D10-481D-8D96-FAAB8BE3B2F8}.Debug|x86.Build.0 = Debug|Win32
		{D68F6872-7D10-481D-8D96-FAAB8BE3B2F8}.Release|x64.ActiveCfg = Release|x64
		{D68F6872-7D10-481D-8D96-FAAB8BE3B2F8}.Release|x64.Build.0 = Release|x64
		{D68F6872-7D10-481D-8D96-FAAB8BE3B2F8}.Release|x86.ActiveCfg = Release|Win32
		{D68F6872-7D10-481D-8D96-FAAB8BE3B2F8}.Release|x86.Build.0 = Release|Win32
		{85AE8EBD-783F-4E59-8400-900BF7C0CC80}.Debug|x64.ActiveCfg = Debug|x64
		{85AE8EBD-783F-4E59-8400-900BF7C0CC80}.Debug|x64.Build.0 = Debug|x64
		{85AE8EBD-783F-4E59-8400-900BF7C0CC80}.Debug|x86.ActiveCfg = Debug|Win32
		{85AE8EBD-783F-4E59-8400-900BF7C0CC80}.Debug|x86.Build.0 = Debug|Win32
		{85AE8EBD-783F-4E59-8400-900BF7C0CC80}.Release|x64.ActiveCfg = Release|x64
		{85AE8EBD-783F-4E59-8400-900BF7C0CC80}.Release|x64.Build.0 = Release|x64
		{85AE8EBD-783F-4E59-8400-900BF7C0CC80}.Release|x86.ActiveCfg = Release|Win32
		{85AE8EBD-783F-4E59-8400-900BF7C0CC80}.Release|x86.Build.0 = Release|Win32
		{73EBC077-6082-4E25-930B-BAC8580AF698}.Debug|x64.ActiveCfg = Debug|x64
		{73EBC077-6082-4E25-930B-BAC8580AF698}.Debug|x64.Build.0 = Debug|x64
		{73EBC077-6082-4E25-930B-BAC8580AF698}.Debug|x86.ActiveCfg = Debug|Win32
		{73EBC077-6082-4E25-930B-BAC8580AF698}.Debug|x86.Build.0 = Debug|Win32
		{73EBC077-6082-4E25-930B-BAC8580AF698}.Release|x64.ActiveCfg = Release|x64
		{73EBC077-6082-4E25-930B-BAC8580AF698}.Release|x64.Build.0 = Release|x64
		{73EBC077-6082-4E25-930B-BAC8580AF698}.Release|x86.ActiveCfg = Release|Win32
		{73EBC077-6082-4E25-930B-BAC8580AF698}.Release|x86.Build.0 = Release|Win32
		{0B96BA06-A8DC-4786-B291-61D070450483}.Debug|x64.ActiveCfg = Debug|x64
		{0B96BA06-A8DC-4786-B291-61D070450483}.Debug|x64.Build.0 = Debug|x64
		{0B96BA06-A8DC-4786-B291-61D070450483}.Debug|x86.ActiveCfg = Debug|Win32
		{0B96BA06-A8DC-4786-B291-61D070450483}.Debug|x86.Build.0 = Debug|Win32
		{0B96BA06-A8DC-4786-B291-61D070450483}.Release|x64.ActiveCfg = Release|x64
		{0B96BA06-A8DC-4786-B291-61D070450483}.Release|x64.Build.0 = Release|x64
		{0B96BA06-A8DC-4786-B291-61D070450483}.Release|x86.ActiveCfg = Release|Win32
		{0B96BA06-A8DC-4786-B291-61D070450483}.Release|x86.Build.0 = Release|Win32
		{5337A2DA-6691-400C-AE14-1D4814F87606}.Debug|x64.ActiveCfg = Debug|x64
		{5337A2DA-6691-400C-AE14-1D4814F87606}.Debug|x64.Build.0 = Debug|x64
		{5337A2DA-6691-400C-AE14-1D4814F87606}.Debug|x86.ActiveCfg = Debug|Win32
		{5337A2DA-6691-400C-AE14-1D4814F87606}.Debug|x86.Build.0 = Debug|Win32
		{5337A2DA-6691-400C-AE14-1D4814F87606}.Release|x64.ActiveCfg = Release|x64
		{5337A2DA-6691-400C-AE14-1D4814F87606}.Release|x64.Build.0 = Release|x64
		{5337A2DA-6691-400C-AE14-1D4814F87606}.Release|x86.ActiveCfg = Release|Win32
		{5337A2DA-6691-400C-AE14-1D4814F87606}.Release|x86.Build.0 = Release|Win32
		{55AC5AF7-E606-4905-92B9-8B7F7F7515CB}.Debug|x64.ActiveCfg = Debug|x64
		{55AC5AF7-E606-4905-92B9-8B7F7F7515CB}.Debug|x64.Build.0 = Debug|x64
		{55AC5AF7-E606-4905-92B9-8B7F7F7515CB}.Debug|x86.ActiveCfg = Debug|Win32
		{55AC5AF7-E606-4905-92B9-8B7F7F7515CB}.Debug|x86.Build.0 = Debug|Win32
		{55AC5AF7-E606-4905-92B9-8B7F7F7515CB}.Release|x64.ActiveCfg = Release|x64
		{55AC5AF7-E606-4905-92B9-8B7F7F7515CB}.Release|x64.Build.0 = Release|x64
		{55AC5AF7-E606-4905-92B9-8B7F7F7515CB}.Release|x86.ActiveCfg = Release|Win32
		{55AC5AF7-E606-4905-92B9-8B7F7F7515CB}.Release|x86.Build.0 = Release|Win32
		{1FB98D1D-B0B1-4DA3-8421-CCA51576DF9F}.Debug|x64.ActiveCfg = Debug|x64
		{1FB98D1D-B0B1-4DA3-8421-CCA51576DF9F}.Debug|x64.Build.0 = Debug|x64
		{1FB98D1D-B0B1-4DA3-8421-CCA51576DF9F}.Debug|x86.ActiveCfg = Debug|Win32
		{1FB98D1D-B0B1-4DA3-8421-CCA51576DF9F}.Debug|x86.Build.0 = Debug|Win32
		{1FB98D1D-B0B1-4DA3-8421-CCA51576DF9F}.Release|x64.ActiveCfg = Release|x64
		{1FB98D1D-B0B1-4DA3-8421-CCA51576DF9F}.Release|x64.Build.0 = Release|x64
		{1FB98D1D-B0B1-4DA3-8421-CCA51576DF9F}.Release|x86.ActiveCfg = Release|Win32
		{1FB98D1D-B0B1-4DA3-8421-CCA51576DF9F}.Release|x86.Build.0 = Release|Win32
		{083D3687-BE39-4322-8A98-D297EFF2EB9F}.Debug|x64.ActiveCfg = Debug|x64
		{083D3687-BE39-4322-8A98-D297EFF2EB9F}.Debug|x64.Build.0 = Debug|x64
		{083D3687-BE39-4322-8A98-D297EFF2EB9F}.Debug|x86.ActiveCfg = Debug|Win32
		{083D3687-BE39-4322-8A98-D297EFF2EB9F}.Debug|x86.Build.0 = Debug|Win32
		{083D3687-BE39-4322-8A98-D297EFF2EB9F}.Release|x64.ActiveCfg = Release|x64
		{083D3687-BE39-4322-8A98-D297EFF2EB9F}.Release|x64.Build.0 = Release|x64
		{083D3687-BE39-4322-8A98-D297EFF2EB9F}.Release|x86.ActiveCfg = Release|Win32
		{083D3687-BE39-4322-8A98-D297EFF2EB9F}.Release|x86.Build.0 = Release|Win32
		{D394B086-761A-4D5A-B826-DC793716D7C4}.Debug|x64.ActiveCfg = Debug|x64
		{D394B086-761A-4D5A-B826-DC793716D7C4}.Debug|x64.Build.0 = Debug|x64
		{D394B086-761A-4D5A-B826-DC793716D7C4}.Debug|x86.ActiveCfg = Debug|Win32
		{D394B086-761A-4D5A-B826-DC793716D7C4}.Debug|x86.Build.0 = Debug|Win32
		{D394B086-761A-4D5A-B826-DC793716D7C4}.Release|x64.ActiveCfg = Release|x64
		{D394B086-761A-4D5A-B826-DC793716D7C4}.Release|x64.Build.0 = Release|x64
		{D394B086-761A-4D5A-B826-DC793716D7C4}.Release|x86.ActiveCfg = Release|Win32
		{D394B086-761A-4D5A-B826-DC793716D7C4}.Release|x86.Build.0 = Release|Win32
		{93AD115D-2DFD-489F-BB2F-5320F0ABEE4B}.Debug|x64.ActiveCfg = Debug|x64
		{93AD115D-2DFD-489F-BB2F-5320F0ABEE4B}.Debug|x64.Build.0 = Debug|x64
		{93AD115D-2DFD-489F-BB2F-5320F0ABEE4B}.Debug|x86.ActiveCfg = Debug|Win32
		{93AD115D-2DFD-489F-BB2F-5320F0ABEE4B}.Debug|x86.Build.0 = Debug|Win32
		{93AD115D-2DFD-489F-BB2F-5320F0ABEE4B}.Release|x64.ActiveCfg = Release|x64
		{93AD115D-2DFD-489F-BB2F-5320F0ABEE4B}.Release|x64.Build.0 = Release|x64
		{93AD115D-2DFD-489F-BB2F-5320F0ABEE4B}.Release|x86.ActiveCfg = Release|Win32
		{93AD115D-2DFD-489F-BB2F-5320F0ABEE4B}.Release|x86.Build.0 = Release|Win32
		{F5E75A10-DD03-4545-A0F1-AA86B3D17664}.Debug|x64.ActiveCfg = Debug|x64
		{F5E75A10-DD03-4545-A0F1-AA86B3D17664}.Debug|x64.Build.0 = Debug|x64
		{F5E75A10-DD03-4545-A0F1-AA86B3D17664}.Debug|x86.ActiveCfg = Debug|Win32
		{F5E75A10-DD03-4545-A0F1-AA86B3D17664}.Debug|x86.Build.0 = Debug|Win32
		{F5E75A10-DD03-4545-A0F1-AA86B3D17664}.Release|x64.ActiveCfg = Release|x64
		{F5E75A10-DD03-4545-A0F1-AA86B3D17664}.Release|x64.Build.0 = Release|x64
		{F5E75A10-DD03-4545-A0F1-AA86B3D17664}.Release|x86.ActiveCfg = Release|Win32
		{F5E75A10-DD03-4545-A0F1-AA86B3D17664}.Release|x86.Build.0 = Release|Win32
		{C3AC3C31-F790-4580-8F43-B16CF77806C7}.Debug|x64.ActiveCfg = Debug|x64
		{C3AC3C31-F790-4580-8F43-B16CF77806C7}.Debug|x64.Build.0 = Debug|x64
		{C3AC3C31-F790-4580-8F43-B16CF77806C7}.Debug|x86.ActiveCfg = Debug|Win32
		{C3AC3C31-F790-4580-8F43-B16CF77806C7}.Debug|x86.Build.0 = Debug|Win32
		{C3AC3C31-F790-4580-8F43-B16CF77806C7}.Release|x64.ActiveCfg = Release|x64
		{C3AC3C31-F790-4580-8F43-B16CF77806C7}.Release|x64.Build.0 = Release|x64
		{C3AC3C31-F790-4580-8F43-B16CF77806C7}.Release|x86.ActiveCfg = Release|Win32
		{C3AC3C31-F790-4580-8F43-B16CF77806C7}.Release|x86.Build.0 = Release|Win32
		{66F685D9-7EBC-4D21-BC01-2EB28C6A98EC}.Debug|x64.ActiveCfg = Debug|x64
		{66F685D9-7EBC-4D21-BC01-2EB28C6A98EC}.Debug|x64.Build.0 = Debug|x64
		{66F685D9-7EBC-4D21-BC01-2EB28C6A98EC}.Debug|x86.ActiveCfg = Debug|Win32
		{66F685D9-7EBC-4D21-BC01-2EB28C6A98EC}.Debug|x86.Build.0 = Debug|Win32
		{66F685D9-7EBC-4D21-BC01-2EB28C6A98EC}.Release|x64.ActiveCfg = Release|x64
		{66F685D9-7EBC-4D21-BC01-2EB28C6A98EC}.Release|x64.Build.0 = Release|x64
		{66F685D9-7EBC-4D21-BC01-2EB28C6A98EC}.Release|x86.ActiveCfg = Release|Win32
		{66F685D9-7EBC-4D21-BC01-2EB28C6A98EC}.Release|x86.Build.0 = Release|Win32
		{E1C199BD-1083-4E34-95BF-D5B97EAE27F4}.Debug|x64.ActiveCfg = Debug|x64
		{E1C199BD-1083-4E34-95BF-D5B97EAE27F4}.Debug|x64.Build.0 = Debug|x64
		{E1C199BD-1083-4E34-95BF-D5B97EAE27F4}.Debug|x86.ActiveCfg = Debug|Win32
		{E1C199BD-1083-4E34-95BF-D5B97EAE27F4}.Debug|x86.Build.0 = Debug|Win32
		{E1C199BD-1083-4E34-95BF-D5B97EAE27F4}.Release|x64.ActiveCfg = Release|x64
		{E1C199BD-1083-4E34-95BF-D5B97EAE27F4}.Release|x64.Build.0 = Release|x64
		{E1C199BD-1083-4E34-95BF-D5B97EAE27F4}.Release|x86.ActiveCfg = Release|Win32
		{E1C199BD-1083-4E34-95BF-D5B97EAE27F4}.Release|x86.Build.0 = Release|Win32
		{9FE596F9-1811-4934-B956-7E351D8E8A64}.Debug|x64.ActiveCfg = Debug|x64
		{9FE596F9-1811-4934-B956-7E351D8E8A64}.Debug|x64.Build.0 = Debug|x64
		{9FE596F9-1811-4934-B956-7E351D8E8A64}.Debug|x86.ActiveCfg = Debug|Win32
		{9FE596F9-1811-4934-B956-7E351D8E8A64}.Debug|x86.Build.0 = Debug|Win32
		{9FE596F9-1811-4934-B956-7E351D8E8A64}.Release|x64.ActiveCfg = Release|x64
		{9FE596F9-1811-4934-B956-7E351D8E8A64}.Release|x64.Build.0 = Release|x64
		{9FE596F9-1811-4934-B956-7E351D8E8A64}.Release|x86.ActiveCfg = Release|Win32
		{9FE596F9-1811-4934-B956-7E351D8E8A64}.Release|x86.Build.0 = Release|Win32
		{634578A1-D9B9-43F7-9889-4BE1F66364C7}.Debug|x64.ActiveCfg = Debug|x64
		{634578A1-D9B9-43F7-9889-4BE1F66364C7}.Debug|x64.Build.0 = Debug|x64
		{634578A1-D9B9-43F7-9889-4BE1F66364C7}.Debug|x86.ActiveCfg = Debug|Win32
		{634578A1-D9B9-43F7-9889-4BE1F66364C7}.Debug|x86.Build.0 = Debug|Win32
		{634578A1-D9B9-43F7-9889-4BE1F66364C7}.Release|x64.ActiveCfg = Release|x64
		{634578A1-D9B9-43F7-9889-4BE1F66364C7}.Release|x64.Build.0 = Release|x64
		{634578A1-D9B9-43F7-9889-4BE1F66364C7}.Release|x86.ActiveCfg = Release|Win32
		{634578A1-D9B9-43F7-9889-4BE1F66364C7}.Release|x86.Build.0 = Release|Win32
		{47B282A9-98F5-4992-869D-084126AA04B5}.Debug|x64.ActiveCfg = Debug|x64
		{47B282A9-98F5-4992-869D-084126AA04B5}.Debug|x64.Build.0 = Debug|x64
		{47B282A9-98F5-4992-869D-084126AA04B5}.Debug|x86.ActiveCfg = Debug|Win32
		{47B282A9-98F5-4992-869D-084126AA04B5}.Debug|x86.Build.0 = Debug|Win32
		{47B282A9-98F5-4992-869D-084126AA04B5}.Release|x64.ActiveCfg = Release|x64
		{47B282A9-98F5-4992-869D-084126AA04B5}.Release|x64.Build.0 = Release|x64
		{47B282A9-98F5-4992-869D-084126AA04B5}.Release|x86.ActiveCfg = Release|Win32
		{47B282A9-98F5-4992-869D-084126AA04B5}.Release|x86.Build.0 = Release|Win32
		{A7F23A38-CBE2-40C7-8219-E99E31AF3E59}.Debug|x64.ActiveCfg = Debug|x64
		{A7F23A38-CBE2-40C7-8219-E99E31AF3E59}.Debug|x64.Build.0 = Debug|x64
		{A7F23A38-CBE2-40C7-8219-E99E31AF3E59}.Debug|x86.ActiveCfg = Debug|Win32
		{A7F23A38-CBE2-40C7-8219-E99E31AF3E59}.Debug|x86.Build.0 = Debug|Win32
		{A7F23A38-CBE2-40C7-8219-E99E31AF3E59}.Release|x64.ActiveCfg = Release|x64
		{A7F23A38-CBE2-40C7-8219-E99E31AF3E59}.Release|x64.Build.0 = Release|x64
		{A7F23A38-CBE2-40C7-8219-E99E31AF3E59}.Release|x86.ActiveCfg = Release|Win32
		{A7F23A38-CBE2-40C7-8219-E99E31AF3E59}.Release|x86.Build.0 = Release|Win32
		{06EC7488-ECD4-4B25-B4E2-9FDE401C2047}.Debug|x64.ActiveCfg = Debug|x64
		{06EC7488-ECD4-4B25-B4E2-9FDE401C2047}.Debug|x64.Build.0 = Debug|x64
		{06EC7488-ECD4-4B25-B4E2-9FDE401C2047}.Debug|x86.ActiveCfg = Debug|Win32
		{06EC7488-ECD4-4B25-B4E2-9FDE401C2047}.Debug|x86.Build.0 = Debug|Win32
		{06EC7488-ECD4-4B25-B4E2-9FDE401C2047}.Release|x64.ActiveCfg = Release|x64
		{06EC7488-ECD4-4B25-B4E2-9FDE401C2047}.Release|x64.Build.0 = Release|x64
		{06EC7488-ECD4-4B25-B4E2-9FDE401C2047}.Release|x86.ActiveCfg = Release|Win32
		{06EC7488-ECD4-4B25-B4E2-9FDE401C2047}.Release|x86.Build.0 = Release|Win32
		{4EA3970D-4108-4962-A667-F24AC5EB71F6}.Debug|x64.ActiveCfg = Debug|x64
		{4EA3970D-4108-4962-A667-F24AC5EB71F6}.Debug|x64.Build.0 = Debug|x64
		{4EA3970D-4108-4962-A667-F24AC5EB71F6}.Debug|x86.ActiveCfg = Debug|Win32
		{4EA3970D-4108-4962-A667-F24AC5EB71F6}.Debug|x86.Build.0 = Debug|Win32
		{4EA3970D-4108-4962-A667-F24AC5EB71F6}.Release|x64.ActiveCfg = Release|x64
		{4EA3970D-4108-4962-A667-F24AC5EB71F6}.Release|x64.Build.0 = Release|x64
		{4EA3970D-4108-4962-A667-F24AC5EB71F6}.Release|x86.ActiveCfg = Release|Win32
		{4EA3970D-4108-4962-A667-F24AC5EB71F6}.Release|x86.Build.0 = Release|Win32
		{08B2886F-FA80-4CB4-83D7-36A562AB57DC}.Debug|x64.ActiveCfg = Debug|x64
		{08B2886F-FA80-4CB4-83D7-36A562AB57DC}.Debug|x64.Build.0 = Debug|x64
		{08B2886F-FA80-4CB4-83D7-36A562AB57DC}.Debug|x86.ActiveCfg = Debug|Win32
		{08B2886F-FA80-4CB4-83D7-36A562AB57DC}.Debug|x86.Build.0 = Debug|Win32
		{08B2886F-FA80-4CB4-83D7-36A562AB57DC}.Release|x64.ActiveCfg = Release|x64
		{08B2886F-FA80-4CB4-83D7-36A562AB57DC}.Release|x64.Build.0 = Release|x64
		{08B2886F-FA80-4CB4-83D7-36A562AB57DC}.Release|x86.ActiveCfg = Release|Win32
		{08B2886F-FA80-4CB4-83D7-36A562AB57DC}.Release|x86.Build.0 = Release|Win32
		{B7E6F392-6C09-47E6-90E4-50D1D2D9D053}.Debug|x64.ActiveCfg = Debug|x64
		{B7E6F392-6C09-47E6-90E4-50D1D2D9D053}.Debug|x64.Build.0 = Debug|x64
		{B7E6F392-6C09-47E6-90E4-50D1D2D9D053}.Debug|x86.ActiveCfg = Debug|Win32
		{B7E6F392-6C09-47E6-90E4-50D1D2D9D053}.Debug|x86.Build.0 = Debug|Win32
		{B7E6F392-6C09-47E6-90E4-50D1D2D9D053}.Release|x64.ActiveCfg = Release|x64
		{B7E6F392-6C09-47E6-90E4-50D1D2D9D053}.Release|x64.Build.0 = Release|x64
		{B7E6F392-6C09-47E6-90E4-50D1D2D9D053}.Release|x86.ActiveCfg = Release|Win32
		{B7E6F392-6C09-47E6-90E4-50D1D2D9D053}.Release|x86.Build.0 = Release|Win32
		{97C0E015-737D-4C24-85F8-BECFD83D022A}.Debug|x64.ActiveCfg = Debug|x64
		{97C0E015-737D-4C24-85F8-BECFD83D022A}.Debug|x64.Build.0 = Debug|x64
		{97C0E015-737D-4C24-85F8-BECFD83D022A}.Debug|x86.ActiveCfg = Debug|Win32
		{97C0E015-737D-4C24-85F8-BECFD83D022A}.Debug|x86.Build.0 = Debug|Win32
		{97C0E015-737D-4C24-85F8-BECFD83D022A}.Release|x64.ActiveCfg = Release|x64
		{97C0E015-737D-4C24-85F8-BECFD83D022A}.Release|x64.Build.0 = Release|x64
		{97C0E015-737D-4C24-85F8-BECFD83D022A}.Release|x86.ActiveCfg = Release|Win32
		{97C0E015-737D-4C24-85F8-BECFD83D022A}.Release|x86.Build.0 = Release|Win32
		{886E6F34-7615-4104-AE87-62E28663C42F}.Debug|x64.ActiveCfg = Debug|x64
		{886E6F34-7615-4104-AE87-62E28663C42F}.Debug|x64.Build.0 = Debug|x64
		{886E6F34-7615-4104-AE87-62E28663C42F}.Debug|x86.ActiveCfg = Debug|Win32
		{886E6F34-7615-4104-AE87-62E28663C42F}.Debug|x86.Build.0 = Debug|Win32
		{886E6F34-7615-4104-AE87-62E28663C42F}.Release|x64.ActiveCfg = Release|x64
		{886E6F34-7615-4104-AE87-62E28663C42F}.Release|x64.Build.0 = Release|x64
		{886E6F34-7615-4104-AE87-62E28663C42F}.Release|x86.ActiveCfg = Release|Win32
		{886E6F34-7615-4104-AE87-62E28663C42F}.Release|x86.Build.0 = Release|Win32
		{88B22C1F-87F6-4C28-A6BE-67EA398AC8AB}.Debug|x64.ActiveCfg = Debug|x64
		{88B22C1F-87F6-4C28-A6BE-67EA398AC8AB}.Debug|x64.Build.0 = Debug|x64
		{88B22C1F-87F6-4C28-A6BE-67EA398AC8AB}.Debug|x86.ActiveCfg = Debug|Win32
		{88B22C1F-87F6-4C28-A6BE-67EA398AC8AB}.Debug|x86.Build.0 = Debug|Win32
		{88B22C1F-87F6-4C28-A6BE-67EA398AC8AB}.Release|x64.ActiveCfg = Release|x64
		{88B22C1F-87F6-4C28-A6BE-67EA398AC8AB}.Release|x64.Build.0 = Release|x64
		{88B22C1F-87F6-4C28-A6BE-67EA398AC8AB}.Release|x86.ActiveCfg = Release|Win32
		{88B22C1F-87F6-4C28-A6BE-67EA398AC8AB}.Release|x86.Build.0 = Release|Win32
		{30B716AF-FC57-4485-955F-1DEB43216927}.Debug|x64.ActiveCfg = Debug|x64
		{30B716AF-FC57-4485-955F-1DEB43216927}.Debug|x64.Build.0 = Debug|x64
		{30B716AF-FC57-4485-955F-1DEB43216927}.Debug|x86.ActiveCfg = Debug|Win32
		{30B716AF-FC57-4485-955F-1DEB43216927}.Debug|x86.Build.0 = Debug|Win32
		{30B716AF-FC57-4485-955F-1DEB43216927}.Release|x64.ActiveCfg = Release|x64
		{30B716AF-FC57-4485-955F-1DEB43216927}.Release|x64.Build.0 = Release|x64
		{30B716AF-FC57-4485-955F-1DEB43216927}.Release|x86.ActiveCfg = Release|Win32
		{30B716AF-FC57-4485-955F-1DEB43216927}.Release|x86.Build.0 = Release|Win32
		{00EDF60B-2B7F-4563-A4EC-85795527F3E3}.Debug|x64.ActiveCfg = Debug|x64
		{00EDF60B-2B7F-4563-A4EC-85795527F3E3}.Debug|x64.Build.0 = Debug|x64
		{00EDF60B-2B7F-4563-A4EC-85795527F3E3}.Debug|x86.ActiveCfg = Debug|Win32
		{00EDF60B-2B7F-4563-A4EC-85795527F3E3}.Debug|x86.Build.0 = Debug|Win32
		{00EDF60B-2B7F-4563-A4EC-85795527F3E3}.Release|x64.ActiveCfg = Release|x64
		{00EDF60B-2B7F-4563-A4EC-85795527F3E3}.Release|x64.Build.0 = Release|x64
		{00EDF60B-2B7F-4563-A4EC-85795527F3E3}.Release|x86.ActiveCfg = Release|Win32
		{00EDF60B-2B7F-4563-A4EC-85795527F3E3}.Release|x86.Build.0 = Release|Win32
		{F0706494-9503-4D70-BDF3-A28913C58C77}.Debug|x64.ActiveCfg = Debug|x64
		{F0706494-9503-4D70-BDF3-A28913C58C77}.Debug|x64.Build.0 = Debug|x64
		{F0706494-9503-4D70-BDF3-A28913C58C77}.Debug|x86.ActiveCfg = Debug|Win32
		{F0706494-9503-4D70-BDF3-A28913C58C77}.Debug|x86.Build.0 = Debug|Win32
		{F0706494-9503-4D70-BDF3-A28913C58C77}.Release|x64.ActiveCfg = Release|x64
		{F0706494-9503-4D70-BDF3-A28913C58C77}.Release|x64.Build.0 = Release|x64
		{F0706494-9503-4D70-BDF3-A28913C58C77}.Release|x86.ActiveCfg = Release|Win32
		{F0706494-9503-4D70-BDF3-A28913C58C77}.Release|x86.Build.0 = Release|Win32
		{CC5EB910-0F3D-489A-B6D9-2E0AF49B4BC0}.Debug|x64.ActiveCfg = Debug|x64
		{CC5EB910-0F3D-489A-B6D9-2E0AF49B4BC0}.Debug|x64.Build.0 = Debug|x64
		{CC5EB910-0F3D-489A-B6D9-2E0AF49B4BC0}.Debug|x86.ActiveCfg = Debug|Win32
		{CC5EB910-0F3D-489A-B6D9-2E0AF49B4BC0}.Debug|x86.Build.0 = Debug|Win32
		{CC5EB910-0F3D-489A-B6D9-2E0AF49B4BC0}.Release|x64.ActiveCfg = Release|x64
		{CC5EB910-0F3D-489A-B6D9-2E0AF49B4BC0}.Release|x64.Build.0 = Release|x64
		{CC5EB910-0F3D-489A-B6D9-2E0AF49B4BC0}.Release|x86.ActiveCfg = Release|Win32
		{CC5EB910-0F3D-489A-B6D9-2E0AF49B4BC0}.Release|x86.Build.0 = Release|Win32
		{E982A631-A7F2-4EC8-9CC7-DED86AF9D17A}.Debug|x64.ActiveCfg = Debug|x64
		{E982A631-A7F2-4EC8-9CC7-DED86AF9D17A}.Debug|x64.Build.0 = Debug|x64
		{E982A631-A7F2-4EC8-9CC7-DED86AF9D17A}.Debug|x86.ActiveCfg = Debug|Win32
		{E982A631-A7F2-4EC8-9CC7-DED86AF9D17A}.Debug|x86.Build.0 = Debug|Win32
		{E982A631-A7F2-4EC8-9CC7-DED86AF9D17A}.Release|x64.ActiveCfg = Release|x64
		{E982A631-A7F2-4EC8-9CC7-DED86AF9D17A}.Release|x64.Build.0 = Release|x64
		{E982A631-A7F2-4EC8-9CC7-DED86AF9D17A}.Release|x86.ActiveCfg = Release|Win32
		{E982A631-A7F2-4EC8-9CC7-DED86AF9D17A}.Release|x86.Build.0 = Release|Win32
		{B7D8715E-CD19-4F92-B812-506900599ACA}.Debug|x64.ActiveCfg = Debug|x64
		{B7D8715E-CD19-4F92-B812-506900599ACA}.Debug|x64.Build.0 = Debug|x64
		{B7D8715E-CD19-4F92-B812-506900599ACA}.Debug|x86.ActiveCfg = Debug|Win32
		{B7D8715E-CD19-4F92-B812-506900599ACA}.Debug|x86.Build.0 = Debug|Win32
		{B7D8715E-CD19-4F92-B812-506900599ACA}.Release|x64.ActiveCfg = Release|x64
		{B7D8715E-CD19-4F92-B812-506900599ACA}.Release|x64.Build.0 = Release|x64
		{B7D8715E-CD19-4F92-B812-506900599ACA}.Release|x86.ActiveCfg = Release|Win32
		{B7D8715E-CD19-4F92-B812-506900599ACA}.Release|x86.Build.0 = Release|Win32
		{49DF7894-4A1B-473D-B919-C0D9098D7AD2}.Debug|x64.ActiveCfg = Debug|x64
		{49DF7894-4A1B-473D-B919-C0D9098D7AD2}.Debug|x64.Build.0 = Debug|x64
		{49DF7894-4A1B-473D-B919-C0D9098D7AD2}.Debug|x86.ActiveCfg = Debug|Win32
		{49DF7894-4A1B-473D-B919-C0D9098D7AD2}.Debug|x86.Build.0 = Debug|Win32
		{49DF7894-4A1B-473D-B919-C0D9098D7AD2}.Release|x64.ActiveCfg = Release|x64
		{49DF7894-4A1B-473D-B919-C0D9098D7AD2}.Release|x64.Build.0 = Release|x64
		{49DF7894-4A1B-473D-B919-C0D9098D7AD2}.Release|x86.ActiveCfg = Release|Win32
		{49DF7894-4A1B-473D-B919-C0D9098D7AD2}.Release|x86.Build.0 = Release|Win32
		{FA277012-F579-4611-AE85-52568BDDE435}.Debug|x64.ActiveCfg = Debug|x64
		{FA277012-F579-4611-AE85-52568BDDE435}.Debug|x64.Build.0 = Debug|x64
		{FA277012-F579-4611-AE85-52568BDDE435}.Debug|x86.ActiveCfg = Debug|Win32
		{FA277012-F579-4611-AE85-52568BDDE435}.Debug|x86.Build.0 = Debug|Win32
		{FA277012-F579-4611-AE85-52568BDDE435}.Release|x64.ActiveCfg = Release|x64
		{FA277012-F579-4611-AE85-52568BDDE435}.Release|x64.Build.0 = Release|x64
		{FA277012-F579-4611-AE85-52568BDDE435}.Release|x86.ActiveCfg = Release|Win32
		{FA277012-F579-4611-AE85-52568BDDE435}.Release|x86.Build.0 = Release|Win32
		{0E3FA94C-D586-4000-99D5-4F5F8C893CCD}.Debug|x64.ActiveCfg = Debug|x64
		{0E3FA94C-D586-4000-99D5-4F5F8C893CCD}.Debug|x64.Build.0 = Debug|x64
		{0E3FA94C-D586-4000-99D5-4F5F8C893CCD}.Debug|x86.ActiveCfg = Debug|Win32
		{0E3FA94C-D586-4000-99D5-4F5F8C893CCD}.Debug|x86.Build.0 = Debug|Win32
		{0E3FA94C-D586-4000-99D5-4F5F8C893CCD}.Release|x64.ActiveCfg = Release|x64
		{0E3FA94C-D586-4000-99D5-4F5F8C893CCD}.Release|x64.Build.0 = Release|x64
		{0E3FA94C-D586-4000-99D5-4F5F8C893CCD}.Release|x86.ActiveCfg = Release|Win32
		{0E3FA94C-D586-4000-99D5-4F5F8C893CCD}.Release|x86.Build.0 = Release|Win32
		{8B59FE03-9F6C-43E1-B3C4-97F08ACFF3BE}.Debug|x64.ActiveCfg = Debug|x64
		{8B59FE03-9F6C-43E1-B3C4-97F08ACFF3BE}.Debug|x64.Build.0 = Debug|x64
		{8B59FE03-9F6C-43E1-B3C4-97F08ACFF3BE}.Debug|x86.ActiveCfg = Debug|Win32
		{8B59FE03-9F6C-43E1-B3C4-97F08ACFF3BE}.Debug|x86.Build.0 = Debug|Win32
		{8B59FE03-9F6C-43E1-B3C4-97F08ACFF3BE}.Release|x64.ActiveCfg = Release|x64
		{8B59FE03-9F6C-43E1-B3C4-97F08ACFF3BE}.Release|x64.Build.0 = Release|x64
		{8B59FE03-9F6C-43E1-B3C4-97F08ACFF3BE}.Release|x86.ActiveCfg = Release|Win32
		{8B59FE03-9F6C-43E1-B3C4-97F08ACFF3BE}.Release|x86.Build.0 = Release|Win32
		{4C9E9164-BC88-4475-B084-30CFAF3574F4}.Debug|x64.ActiveCfg = Debug|x64
		{4C9E9164-BC88-4475-B084-30CFAF3574F4}.Debug|x64.Build.0 = Debug|x64
		{4C9E9164-BC88-4475-B084-30CFAF3574F4}.Debug|x86.ActiveCfg = Debug|Win32
		{4C9E9164-BC88-4475-B084-30CFAF3574F4}.Debug|x86.Build.0 = Debug|Win32
		{4C9E9164-BC88-4475-B084-30CFAF3574F4}.Release|x64.ActiveCfg = Release|x64
		{4C9E9164-BC88-4475-B084-30CFAF3574F4}.Release|x64.Build.0 = Release|x64
		{4C9E9164-BC88-4475-B084-30CFAF3574F4}.Release|x86.ActiveCfg = Release|Win32
		{4C9E9164-BC88-4475-B084-30CFAF3574F4}.Release|x86.Build.0 = Release|Win32
		{269AEC36-A0EE-40C3-9206-9AFDD640A54C}.Debug|x64.ActiveCfg = Debug|x64
		{269AEC36-A0EE-40C3-9206-9AFDD640A54C}.Debug|x64.Build.0 = Debug|x64
		{269AEC36-A0EE-40C3-9206-9AFDD640A54C}.Debug|x86.ActiveCfg = Debug|Win32
		{269AEC36-A0EE-40C3-9206-9AFDD640A54C}.Debug|x86.Build.0 = Debug|Win32
		{269AEC36-A0EE-40C3-9206-9AFDD640A54C}.Release|x64.ActiveCfg = Release|x64
		{269AEC36-A0EE-40C3-9206-9AFDD640A54C}.Release|x64.Build.0 = Release|x64
		{269AEC36-A0EE-40C3-9206-9AFDD640A54C}.Release|x86.ActiveCfg = Release|Win32
		{269AEC36-A0EE-40C3-9206-9AFDD640A54C}.Release|x86.Build.0 = Release|Win32
		{4339DF5B-5277-4353-8844-92B9E19CF9F6}.Debug|x64.ActiveCfg = Debug|x64
		{4339DF5B-5277-4353-8844-92B9E19CF9F6}.Debug|x64.Build.0 = Debug|x64
		{4339DF5B-5277-4353-8844-92B9E19CF9F6}.Debug|x86.ActiveCfg = Debug|Win32
		{4339DF5B-5277-4353-8844-92B9E19CF9F6}.Debug|x86.Build.0 = Debug|Win32
		{4339DF5B-5277-4353-8844-92B9E19CF9F6}.Release|x64.ActiveCfg = Release|x64
		{4339DF5B-5277-4353-8844-92B9E19CF9F6}.Release|x64.Build.0 = Release|x64
		{4339DF5B-5277-4353-8844-92B9E19CF9F6}.Release|x86.ActiveCfg = Release|Win32
		{4339DF5B-5277-4353-8844-92B9E19CF9F6}.Release|x86.Build.0 = Release|Win32
		{1B91C38D-11ED-45AE-861C-933073221AD8}.Debug|x64.ActiveCfg = Debug|x64
		{1B91C38D-11ED-45AE-861C-933073221AD8}.Debug|x64.Build.0 = Debug|x64
		{1B91C38D-11ED-45AE-861C-933073221AD8}.Debug|x86.ActiveCfg = Debug|Win32
		{1B91C38D-11ED-45AE-861C-933073221AD8}.Debug|x86.Build.0 = Debug|Win32
		{1B91C38D-11ED-45AE-861C-933073221AD8}.Release|x64.ActiveCfg = Release|x64
		{1B91C38D-11ED-45AE-861C-933073221AD8}.Release|x64.Build.0 = Release|x64
		{1B91C38D-11ED-45AE-861C-933073221AD8}.Release|x86.ActiveCfg = Release|Win32
		{1B91C38D-11ED-45AE-861C-933073221AD8}.Release|x86.Build.0 = Release|Win32
		{1675345C-2EB0-43A5-A2F4-C37CCE2EBA63}.Debug|x64.ActiveCfg = Debug|x64
		{1675345C-2EB0-43A5-A2F4-C37CCE2EBA63}.Debug|x64.Build.0 = Debug|x64
		{1675345C-2EB0-43A5-A2F4-C37CCE2EBA63}.Debug|x86.ActiveCfg = Debug|Win32
		{1675345C-2EB0-43A5-A2F4-C37CCE2EBA63}.Debug|x86.Build.0 = Debug|Win32
		{1675345C-2EB0-43A5-A2F4-C37CCE2EBA63}.Release|x64.ActiveCfg = Release|x64
		{1675345C-2EB0-43A5-A2F4-C37CCE2EBA63}.Release|x64.Build.0 = Release|x64
		{1675345C-2EB0-43A5-A2F4-C37CCE2EBA63}.Release|x86.ActiveCfg = Release|Win32
		{1675345C-2EB0-43A5-A2F4-C37CCE2EBA63}.Release|x86.Build.0 = Release|Win32
		{8C2F3853-8121-4D46-A8AC-2445F369EC14}.Debug|x64.ActiveCfg = Debug|x64
		{8C2F3853-8121-4D46-A8AC-2445F369EC14}.Debug|x64.Build.0 = Debug|x64
		{8C2F3853-8121-4D46-A8AC-2445F369EC14}.Debug|x86.ActiveCfg = Debug|Win32
		{8C2F3853-8121-4D46-A8AC-2445F369EC14}.Debug|x86.Build.0 = Debug|Win32
		{8C2F3853-8121-4D46-A8AC-2445F369EC14}.Release|x64.ActiveCfg = Release|x64
		{8C2F3853-8121-4D46-A8AC-2445F369EC14}.Release|x64.Build.0 = Release|x64
		{8C2F3853-8121-4D46-A8AC-2445F369EC14}.Release|x86.ActiveCfg = Release|Win32
		{8C2F3853-8121-4D46-A8AC-2445F369EC14}.Release|x86.Build.0 = Release|Win32
		{44EAD9B8-C76A-448B-A8A6-6DAAFECED49C}.Debug|x64.ActiveCfg = Debug|x64
		{44EAD9B8-C76A-448B-A8A6-6DAAFECED49C}.Debug|x64.Build.0 = Debug|x64
		{44EAD9B8-C76A-448B-A8A6-6DAAFECED49C}.Debug|x86.ActiveCfg = Debug|Win32
		{44EAD9B8-C76A-448B-A8A6-6DAAFECED49C}.Debug|x86.Build.0 = Debug|Win32
		{44EAD9B8-C76A-448B-A8A6-6DAAFECED49C}.Release|x64.ActiveCfg = Release|x64
		{44EAD9B8-C76A-448B-A8A6-6DAAFECED49C}.Release|x64.Build.0 = Release|x64
		{44EAD9B8-C76A-448B-A8A6-6DAAFECED49C}.Release|x86.ActiveCfg = Release|Win32
		{44EAD9B8-C76A-448B-A8A6-6DAAFECED49C}.Release|x86.Build.0 = Release|Win32
		{980B1753-142F-403E-A646-CEDCF66B5EB4}.Debug|x64.ActiveCfg = Debug|x64
		{980B1753-142F-403E-A646-CEDCF66B5EB4}.Debug|x64.Build.0 = Debug|x64
		{980B1753-142F-403E-A646-CEDCF66B5EB4}.Debug|x86.ActiveCfg = Debug|Win32
		{980B1753-142F-403E-A646-CEDCF66B5EB4}.Debug|x86.Build.0 = Debug|Win32
		{980B1753-142F-403E-A646-CEDCF66B5EB4}.Release|x64.ActiveCfg = Release|x64
		{980B1753-142F-403E-A646-CEDCF66B5EB4}.Release|x64.Build.0 = Release|x64
		{980B1753-142F-403E-A646-CEDCF66B5EB4}.Release|x86.ActiveCfg = Release|Win32
		{980B1753-142F-403E-A646-CEDCF66B5EB4}.Release|x86.Build.0 = Release|Win32
		{A34BED99-B47E-4B10-B7F1-7706224D505B}.Debug|x64.ActiveCfg = Debug|x64
		{A34BED99-B47E-4B10-B7F1-7706224D505B}.Debug|x64.Build.0 = Debug|x64
		{A34BED99-B47E-4B10-B7F1-7706224D505B}.Debug|x86.ActiveCfg = Debug|Win32
		{A34BED99-B47E-4B10-B7F1-7706224D505B}.Debug|x86.Build.0 = Debug|Win32
		{A34BED99-B47E-4B10-B7F1-7706224D505B}.Release|x64.ActiveCfg = Release|x64
		{A34BED99-B47E-4B10-B7F1-7706224D505B}.Release|x64.Build.0 = Release|x64
		{A34BED99-B47E-4B10-B7F1-7706224D505B}.Release|x86.ActiveCfg = Release|Win32
		{A34BED99-B47E-4B10-B7F1-7706224D505B}.Release|x86.Build.0 = Release|Win32
		{A6B9BF8C-1E51-4329-9A39-78C149E6EDBF}.Debug|x64.ActiveCfg = Debug|x64
		{A6B9BF8C-1E51-4329-9A39-78C149E6EDBF}.Debug|x64.Build.0 = Debug|x64
		{A6B9BF8C-1E51-4329-9A39-78C149E6EDBF}.Debug|x86.ActiveCfg = Debug|Win32
		{A6B9BF8C-1E51-4329-9A39-78C149E6EDBF}.Debug|x86.Build.0 = Debug|Win32
		{A6B9BF8C-1E51-4329-9A39-78C149E6EDBF}.Release|x64.ActiveCfg = Release|x64
		{A6B9BF8C-1E51-4329-9A39-78C149E6EDBF}.Release|x64.Build.0 = Release|x64
		{A6B9BF8C-1E51-4329-9A39-78C149E6EDBF}.Release|x86.ActiveCfg = Release|Win32
		{A6B9BF8C-1E51-4329-9A39-78C149E6EDBF}.Release|x86.Build.0 = Release|Win32
		{BC7D582A-1C7C-4E92-9744-B27A8F0BD501}.Debug|x64.ActiveCfg = Debug|x64
		{BC7D582A-1C7C-4E92-9744-B27A8F0BD501}.Debug|x64.Build.0 = Debug|x64
		{BC7D582A-1C7C-4E92-9744-B27A8F0BD501}.Debug|x86.ActiveCfg = Debug|Win32
		{BC7D582A-1C7C-4E92-9744-B27A8F0BD501}.Debug|x86.Build.0 = Debug|Win32
		{BC7D582A-1C7C-4E92-9744-B27A8F0BD501}.Release|x64.ActiveCfg = Release|x64
		{BC7D582A-1C7C-4E92-9744-B27A8F0BD501}.Release|x64.Build.0 = Release|x64
		{BC7D582A-1C7C-4E92-9744-B27A8F0BD501}.Release|x86.ActiveCfg = Release|Win32
		{BC7D582A-1C7C-4E92-9744-B27A8F0BD501}.Release|x86.Build.0 = Release|Win32
		{FE916981-C851-4471-96A1-374DFE839251}.Debug|x64.ActiveCfg = Debug|x64
		{FE916981-C851-4471-96A1-374DFE839251}.Debug|x64.Build.0 = Debug|x64
		{FE916981-C851-4471-96A1-374DFE839251}.Debug|x86.ActiveCfg = Debug|Win32
		{FE916981-C851-4471-96A1-374DFE839251}.Debug|x86.Build.0 = Debug|Win32
		{FE916981-C851-4471-96A1-374DFE839251}.Release|x64.ActiveCfg = Release|x64
		{FE916981-C851-4471-96A1-374DFE839251}.Release|x64.Build.0 = Release|x64
		{FE916981-C851-4471-96A1-374DFE839251}.Release|x86.ActiveCfg = Release|Win32
		{FE916981-C851-4471-96A1-374DFE839251}.Release|x86.Build.0 = Release|Win32
		{35E4D525-2049-4B68-A3DF-E9A379A49F56}.Debug|x64.ActiveCfg = Debug|x64
		{35E4D525-2049-4B68-A3DF-E9A379A49F56}.Debug|x64.Build.0 = Debug|x64
		{35E4D525-2049-4B68-A3DF-E9A379A49F56}.Debug|x86.ActiveCfg = Debug|Win32
		{35E4D525-2049-4B68-A3DF-E9A379A49F56}.Debug|x86.Build.0 = Debug|Win32
		{35E4D525-2049-4B68-A3DF-E9A379A49F56}.Release|x64.ActiveCfg = Release|x64
		{35E4D525-2049-4B68-A3DF-E9A379A49F56}.Release|x64.Build.0 = Release|x64
		{35E4D525-2049-4B68-A3DF-E9A379A49F56}.Release|x86.ActiveCfg = Release|Win32
		{35E4D525-2049-4B68-A3DF-E9A379A49F56}.Release|x86.Build.0 = Release|Win32
		{D5E1DA6B-8B7B-4698-AD33-41B54DD7E7E2}.Debug|x64.ActiveCfg = Debug|x64
		{D5E1DA6B-8B7B-4698-AD33-41B54DD7E7E2}.Debug|x64.Build.0 = Debug|x64
		{D5E1DA6B-8B7B-4698-AD33-41B54DD7E7E2}.Debug|x86.ActiveCfg = Debug|Win32
		{D5E1DA6B-8B7B-4698-AD33-41B54DD7E7E2}.Debug|x86.Build.0 = Debug|Win32
		{D5E1DA6B-8B7B-4698-AD33-41B54DD7E7E2}.Release|x64.ActiveCfg = Release|x64
		{D5E1DA6B-8B7B-4698-AD33-41B54DD7E7E2}.Release|x64.Build.0 = Release|x64
		{D5E1DA6B-8B7B-4698-AD33-41B54DD7E7E2}.Release|x86.ActiveCfg = Release|Win32
		{D5E1DA6B-8B7B-4698-AD33-41B54DD7E7E2}.Release|x86.Build.0 = Release|Win32
		{1AA38A25-CDBB-46E8-8C23-94303BA57171}.Debug|x64.ActiveCfg = Debug|x64
		{1AA38A25-CDBB-46E8-8C23-94303BA57171}.Debug|x64.Build.0 = Debug|x64
		{1AA38A25-CDBB-46E8-8C23-94303BA57171}.Debug|x86.ActiveCfg = Debug|Win32
		{1AA38A25-CDBB-46E8-8C23-94303BA57171}.Debug|x86.Build.0 = Debug|Win32
		{1AA38A25-CDBB-46E8-8C23-94303BA57171}.Release|x64.ActiveCfg = Release|x64
		{1AA38A25-CDBB-46E8-8C23-94303BA57171}.Release|x64.Build.0 = Release|x64
		{1AA38A25-CDBB-46E8-8C23-94303BA57171}.Release|x86.ActiveCfg = Release|Win32
		{1AA38A25-CDBB-46E8-8C23-94303BA57171}.Release|x86.Build.0 = Release|Win32
		{4F1CDFE7-1D34-4C9F-9240-4F564F0DEB02}.Debug|x64.ActiveCfg = Debug|x64
		{4F1CDFE7-1D34-4C9F-9240-4F564F0DEB02}.Debug|x64.Build.0 = Debug|x64
		{4F1CDFE7-1D34-4C9F-9240-4F564F0DEB02}.Debug|x86.ActiveCfg = Debug|Win32
		{4F1CDFE7-1D34-4C9F-9240-4F564F0DEB02}.Debug|x86.Build.0 = Debug|Win32
		{4F1CDFE7-1D34-4C9F-9240-4F564F0DEB02}.Release|x64.ActiveCfg = Release|x64
		{4F1CDFE7-1D34-4C9F-9240-4F564F0DEB02}.Release|x64.Build.0 = Release|x64
		{4F1CDFE7-1D34-4C9F-9240-4F564F0DEB02}.Release|x86.ActiveCfg = Release|Win32
		{4F1CDFE7-1D34-4C9F-9240-4F564F0DEB02}.Release|x86.Build.0 = Release|Win32
		{4A4212DA-5A55-4139-98B6-88D38BB11BC3}.Debug|x64.ActiveCfg = Debug|x64
		{4A4212DA-5A55-4139-98B6-88D38BB11BC3}.Debug|x64.Build.0 = Debug|x64
		{4A4212DA-5A55-4139-98B6-88D38BB11BC3}.Debug|x86.ActiveCfg = Debug|Win32
		{4A4212DA-5A55-4139-98B6-88D38BB11BC3}.Debug|x86.Build.0 = Debug|Win32
		{4A4212DA-5A55-4139-98B6-88D38BB11BC3}.Release|x64.ActiveCfg = Release|x64
		{4A4212DA-5A55-4139-98B6-88D38BB11BC3}.Release|x64.Build.0 = Release|x64
		{4A4212DA-5A55-4139-98B6-88D38BB11BC3}.Release|x86.ActiveCfg = Release|Win32
		{4A4212DA-5A55-4139-98B6-88D38BB11BC3}.Release|x86.Build.0 = Release|Win32
		{3FF30596-1CEB-457C-B295-CFBB11166C0E}.Debug|x64.ActiveCfg = Debug|x64
		{3FF30596-1CEB-457C-B295-CFBB11166C0E}.Debug|x64.Build.0 = Debug|x64
		{3FF30596-1CEB-457C-B295-CFBB11166C0E}.Debug|x86.ActiveCfg = Debug|Win32
		{3FF30596-1CEB-457C-B295-CFBB11166C0E}.Debug|x86.Build.0 = Debug|Win32
		{3FF30596-1CEB-457C-B295-CFBB11166C0E}.Release|x64.ActiveCfg = Release|x64
		{3FF30596-1CEB-457C-B295-CFBB11166C0E}.Release|x64.Build.0 = Release|x64
		{3FF30596-1CEB-457C-B295-CFBB11166C0E}.Release|x86.ActiveCfg = Release|Win32
		{3FF30596-1CEB-457C-B295-CFBB11166C0E}.Release|x86.Build.0 = Release|Win32
		{9E99A877-3135-43D2-873D-ACC10D0B89E1}.Debug|x64.ActiveCfg = Debug|x64
		{9E99A877-3135-43D2-873D-ACC10D0B89E1}.Debug|x64.Build.0 = Debug|x64
		{9E99A877-3135-43D2-873D-ACC10D0B89E1}.Debug|x86.ActiveCfg = Debug|Win32
		{9E99A877-3135-43D2-873D-ACC10D0B89E1}.Debug|x86.Build.0 = Debug|Win32
		{9E99A877-3135-43D2-873D-ACC10D0B89E1}.Release|x64.ActiveCfg = Release|x64
		{9E99A877-3135-43D2-873D-ACC10D0B89E1}.Release|x64.Build.0 = Release|x64
		{9E99A877-3135-43D2-873D-ACC10D0B89E1}.Release|x86.ActiveCfg = Release|Win32
		{9E99A877-3135-43D2-873D-ACC10D0B89E1}.Release|x86.Build.0 = Release|Win32
		{1A8BA998-8F8C-45FB-8735-5FDF0240F259}.Debug|x64.ActiveCfg = Debug|x64
		{1A8BA998-8F8C-45FB-8735-5FDF0240F259}.Debug|x64.Build.0 = Debug|x64
		{1A8BA998-8F8C-45FB-8735-5FDF0240F259}.Debug|x86.ActiveCfg = Debug|Win32
		{1A8BA998-8F8C-45FB-8735-5FDF0240F259}.Debug|x86.Build.0 = Debug|Win32
		{1A8BA998-8F8C-45FB-8735-5FDF0240F259}.Release|x64.ActiveCfg = Release|x64
		{1A8BA998-8F8C-45FB-8735-5FDF0240F259}.Release|x64.Build.0 = Release|x64
		{1A8BA998-8F8C-45FB-8735-5FDF0240F259}.Release|x86.ActiveCfg = Release|Win32
		{1A8BA998-8F8C-45FB-8735-5FDF0240F259}.Release|x86.Build.0 = Release|Win32
		{279C1BA7-5B9A-478D-8D17-1C998F3A4E73}.Debug|x64.ActiveCfg = Debug|x64
		{279C1BA7-5B9A-478D-8D17-1C998F3A4E73}.Debug|x64.Build.0 = Debug|x64
		{279C1BA7-5B9A-478D-8D17-1C998F3A4E73}.Debug|x86.ActiveCfg = Debug|Win32
		{279C1BA7-5B9A-478D-8D17-1C998F3A4E73}.Debug|x86.Build.0 = Debug|Win32
		{279C1BA7-5B9A-478D-8D17-1C998F3A4E73}.Release|x64.ActiveCfg = Release|x64
		{279C1BA7-5B9A-478D-8D17-1C998F3A4E73}.Release|x64.Build.0 = Release|x64
		{279C1BA7-5B9A-478D-8D17-1C998F3A4E73}.Release|x86.ActiveCfg = Release|Win32
		{279C1BA7-5B9A-478D-8D17-1C998F3A4E73}.Release|x86.Build.0 = Release|Win32
		{1343FE8F-16F1-4958-9EA7-9EB4951DA1B7}.Debug|x64.ActiveCfg = Debug|x64
		{1343FE8F-16F1-4958-9EA7-9EB4951DA1B7}.Debug|x64.Build.0 = Debug|x64
		{1343FE8F-16F1-4958-9EA7-9EB4951DA1B7}.Debug|x86.ActiveCfg = Debug|Win32
		{1343FE8F-16F1-4958-9EA7-9EB4951DA1B7}.Debug|x86.Build.0 = Debug|Win32
		{1343FE8F-16F1-4958-9EA7-9EB4951DA1B7}.Release|x64.ActiveCfg = Release|x64
		{1343FE8F-16F1-4958-9EA7-9EB4951DA1B7}.Release|x64.Build.0 = Release|x64
		{1343FE8F-16F1-4958-9EA7-9EB4951DA1B7}.Release|x86.ActiveCfg = Release|Win32
		{1343FE8F-16F1-4958-9EA7-9EB4951DA1B7}.Release|x86.Build.0 = Release|Win32
		{C124E741-E7C4-484E-AF92-810A002879DA}.Debug|x64.ActiveCfg = Debug|x64
		{C124E741-E7C4-484E-AF92-810A002879DA}.Debug|x64.Build.0 = Debug|x64
		{C124E741-E7C4-484E-AF92-810A002879DA}.Debug|x86.ActiveCfg = Debug|Win32
		{C124E741-E7C4-484E-AF92-810A002879DA}.Debug|x86.Build.0 = Debug|Win32
		{C124E741-E7C4-484E-AF92-810A002879DA}.Release|x64.ActiveCfg = Release|x64
		{C124E741-E7C4-484E-AF92-810A002879DA}.Release|x64.Build.0 = Release|x64
		{C124E741-E7C4-484E-AF92-810A002879DA}.Release|x86.ActiveCfg = Release|Win32
		{C124E741-E7C4-484E-AF92-810A002879DA}.Release|x86.Build.0 = Release|Win32
		{009BAE4F-B087-4D7E-BD1D-1F4A1887B7DD}.Debug|x64.ActiveCfg = Debug|x64
		{009BAE4F-B087-4D7E-BD1D-1F4A1887B7DD}.Debug|x64.Build.0 = Debug|x64
		{009BAE4F-B087-4D7E-BD1D-1F4A1887B7DD}.Debug|x86.ActiveCfg = Debug|Win32
		{009BAE4F-B087-4D7E-BD1D-1F4A1887B7DD}.Debug|x86.Build.0 = Debug|Win32
		{009BAE4F-B087-4D7E-BD1D-1F4A1887B7DD}.Release|x64.ActiveCfg = Release|x64
		{009BAE4F-B087-4D7E-BD1D-1F4A1887B7DD}.Release|x64.Build.0 = Release|x64
		{009BAE4F-B087-4D7E-BD1D-1F4A1887B7DD}.Release|x86.ActiveCfg = Release|Win32
		{009BAE4F-B087-4D7E-BD1D-1F4A1887B7DD}.Release|x86.Build.0 = Release|Win32
		{1B08C904-9782-43E4-916A-B1A34BEE6DE8}.Debug|x64.ActiveCfg = Debug|x64
		{1B08C904-9782-43E4-916A-B1A34BEE6DE8}.Debug|x64.Build.0 = Debug|x64
		{1B08C904-9782-43E4-916A-B1A34BEE6DE8}.Debug|x86.ActiveCfg = Debug|Win32
		{1B08C904-9782-43E4-916A-B1A34BEE6DE8}.Debug|x86.Build.0 = Debug|Win32
		{1B08C904-9782-43E4-916A-B1A34BEE6DE8}.Release|x64.ActiveCfg = Release|x64
		{1B08C904-9782-43E4-916A-B1A34BEE6DE8}.Release|x64.Build.0 = Release|x64
		{1B08C904-9782-43E4-916A-B1A34BEE6DE8}.Release|x86.ActiveCfg = Release|Win32
		{1B08C904-9782-43E4-916A-B1A34BEE6DE8}.Release|x86.Build.0 = Release|Win32
		{AB11549A-BD77-4144-9F10-2FF291CAB32D}.Debug|x64.ActiveCfg = Debug|x64
		{AB11549A-BD77-4144-9F10-2FF291CAB32D}.Debug|x64.Build.0 = Debug|x64
		{AB11549A-BD77-4144-9F10-2FF291CAB32D}.Debug|x86.ActiveCfg = Debug|Win32
		{AB11549A-BD77-4144-9F10-2FF291CAB32D}.Debug|x86.Build.0 = Debug|Win32
		{AB11549A-BD77-4144-9F10-2FF291CAB32D}.Release|x64.ActiveCfg = Release|x64
		{AB11549A-BD77-4144-9F10-2FF291CAB32D}.Release|x64.Build.0 = Release|x64
		{AB11549A-BD77-4144-9F10-2FF291CAB32D}.Release|x86.ActiveCfg = Release|Win32
		{AB11549A-BD77-4144-9F10-2FF291CAB32D}.Release|x86.Build.0 = Release|Win32
		{9EFAE2D6-140D-47E5-B2B6-449B9F474FD9}.Debug|x64.ActiveCfg = Debug|x64
		{9EFAE2D6-140D-47E5-B2B6-449B9F474FD9}.Debug|x64.Build.0 = Debug|x64
		{9EFAE2D6-140D-47E5-B2B6-449B9F474FD9}.Debug|x86.ActiveCfg = Debug|Win32
		{9EFAE2D6-140D-47E5-B2B6-449B9F474FD9}.Debug|x86.Build.0 = Debug|Win32
		{9EFAE2D6-140D-47E5-B2B6-449B9F474FD9}.Release|x64.ActiveCfg = Release|x64
		{9EFAE2D6-140D-47E5-B2B6-449B9F474FD9}.Release|x64.Build.0 = Release|x64
		{9EFAE2D6-140D-47E5-B2B6-449B9F474FD9}.Release|x86.ActiveCfg = Release|Win32
		{9EFAE2D6-140D-47E5-B2B6-449B9F474FD9}.Release|x86.Build.0 = Release|Win32
		{D057CA09-014C-4215-B243-C689952ACC37}.Debug|x64.ActiveCfg = Debug|x64
		{D057CA09-014C-4215-B243-C689952ACC37}.Debug|x64.Build.0 = Debug|x64
		{D057CA09-014C-4215-B243-C689952ACC37}.Debug|x86.ActiveCfg = Debug|Win32
		{D057CA09-014C-4215-B243-C689952ACC37}.Debug|x86.Build.0 = Debug|Win32
		{D057CA09-014C-4215-B243-C689952ACC37}.Release|x64.ActiveCfg = Release|x64
		{D057CA09-014C-4215-B243-C689952ACC37}.Release|x64.Build.0 = Release|x64
		{D057CA09-014C-4215-B243-C689952ACC37}.Release|x86.ActiveCfg = Release|Win32
		{D057CA09-014C-4215-B243-C689952ACC37}.Release|x86.Build.0 = Release|Win32
		{856E1EB1-70B9-4BBB-A163-438885D61926}.Debug|x64.ActiveCfg = Debug|x64
		{856E1EB1-70B9-4BBB-A163-438885D61926}.Debug|x64.Build.0 = Debug|x64
		{856E1EB1-70B9-4BBB-A163-438885D61926}.Debug|x86.ActiveCfg = Debug|Win32
		{856E1EB1-70B9-4BBB-A163-438885D61926}.Debug|x86.Build.0 = Debug|Win32
		{856E1EB1-70B9-4BBB-A163-438885D61926}.Release|x64.ActiveCfg = Release|x64
		{856E1EB1-70B9-4BBB-A163-438885D61926}.Release|x64.Build.0 = Release|x64
		{856E1EB1-70B9-4BBB-A163-438885D61926}.Release|x86.ActiveCfg = Release|Win32
		{856E1EB1-70B9-4BBB-A163-438885D61926}.Release|x86.Build.0 = Release|Win32
		{699EF96B-22F7-4D65-835D-2E5AC4BC4364}.Debug|x64.ActiveCfg = Debug|x64
		{699EF96B-22F7-4D65-835D-2E5AC4BC4364}.Debug|x64.Build.0 = Debug|x64
		{699EF96B-22F7-4D65-835D-2E5AC4BC4364}.Debug|x86.ActiveCfg = Debug|Win32
		{699EF96B-22F7-4D65-835D-2E5AC4BC4364}.Debug|x86.Build.0 = Debug|Win32
		{699EF96B-22F7-4D65-835D-2E5AC4BC4364}.Release|x64.ActiveCfg = Release|x64
		{699EF96B-22F7-4D65-835D-2E5AC4BC4364}.Release|x64.Build.0 = Release|x64
		{699EF96B-22F7-4D65-835D-2E5AC4BC4364}.Release|x86.ActiveCfg = Release|Win32
		{699EF96B-22F7-4D65-835D-2E5AC4BC4364}.Release|x86.Build.0 = Release|Win32
		{4532E9C5-ADB2-42C4-AA93-CE85F4A9CE03}.Debug|x64.ActiveCfg = Debug|x64
		{4532E9C5-ADB2-42C4-AA93-CE85F4A9CE03}.Debug|x64.Build.0 = Debug|x64
		{4532E9C5-ADB2-42C4-AA93-CE85F4A9CE03}.Debug|x86.ActiveCfg = Debug|Win32
		{4532E9C5-ADB2-42C4-AA93-CE85F4A9CE03}.Debug|x86.Build.0 = Debug|Win32
		{4532E9C5-ADB2-42C4-AA93-CE85F4A9CE03}.Release|x64.ActiveCfg = Release|x64
		{4532E9C5-ADB2-42C4-AA93-CE85F4A9CE03}.Release|x64.Build.0 = Release|x64
		{4532E9C5-ADB2-42C4-AA93-CE85F4A9CE03}.Release|x86.ActiveCfg = Release|Win32
		{4532E9C5-ADB2-42C4-AA93-CE85F4A9CE03}.Release|x86.Build.0 = Release|Win32
		{68DE4E4B-98DA-40B1-BDD8-AAF1EDBB33CC}.Debug|x64.ActiveCfg = Debug|x64
		{68DE4E4B-98DA-40B1-BDD8-AAF1EDBB33CC}.Debug|x64.Build.0 = Debug|x64
		{68DE4E4B-98DA-40B1-BDD8-AAF1EDBB33CC}.Debug|x86.ActiveCfg = Debug|Win32
		{68DE4E4B-98DA-40B1-BDD8-AAF1EDBB33CC}.Debug|x86.Build.0 = Debug|Win32
		{68DE4E4B-98DA-40B1-BDD8-AAF1EDBB33CC}.Release|x64.ActiveCfg = Release|x64
		{68DE4E4B-98DA-40B1-BDD8-AAF1EDBB33CC}.Release|x64.Build.0 = Release|x64
		{68DE4E4B-98DA-40B1-BDD8-AAF1EDBB33CC}.Release|x86.ActiveCfg = Release|Win32
		{68DE4E4B-98DA-40B1-BDD8-AAF1EDBB33CC}.Release|x86.Build.0 = Release|Win32
	EndGlobalSection
	GlobalSection(SolutionProperties) = preSolution
		HideSolutionNode = FALSE
	EndGlobalSection
EndGlobal
